PODS:
  - AFNetworking (1.3.4)
  - AHAlertView (0.0.2)
  - BlocksKit (2.2.3):
    - BlocksKit/All
  - BlocksKit/All (2.2.3):
    - BlocksKit/Core
    - BlocksKit/DynamicDelegate
    - BlocksKit/MessageUI
    - BlocksKit/UIKit
  - BlocksKit/Core (2.2.3)
  - BlocksKit/DynamicDelegate (2.2.3)
  - BlocksKit/MessageUI (2.2.3):
    - BlocksKit/Core
    - BlocksKit/DynamicDelegate
  - BlocksKit/UIKit (2.2.3):
    - BlocksKit/Core
    - BlocksKit/DynamicDelegate
  - BSKeyboardControls (2.2)
  - CocoaLumberjack (1.6.5.1):
    - CocoaLumberjack/Core
    - CocoaLumberjack/Extensions
  - CocoaLumberjack/Core (1.6.5.1)
  - CocoaLumberjack/Extensions (1.6.5.1):
    - CocoaLumberjack/Core
  - CrittercismSDK (4.3.3)
  - FormatterKit (1.4.3):
    - FormatterKit/AddressFormatter
    - FormatterKit/ArrayFormatter
    - FormatterKit/ColorFormatter
    - FormatterKit/LocationFormatter
    - FormatterKit/OrdinalNumberFormatter
    - FormatterKit/TimeIntervalFormatter
    - FormatterKit/UnitOfInformationFormatter
    - FormatterKit/URLRequestFormatter
  - FormatterKit/AddressFormatter (1.4.3)
  - FormatterKit/ArrayFormatter (1.4.3)
  - FormatterKit/ColorFormatter (1.4.3)
  - FormatterKit/LocationFormatter (1.4.3)
  - FormatterKit/OrdinalNumberFormatter (1.4.3)
  - FormatterKit/TimeIntervalFormatter (1.4.3)
  - FormatterKit/UnitOfInformationFormatter (1.4.3)
  - FormatterKit/URLRequestFormatter (1.4.3)
  - Foursquare-iOS-API (2.0)
  - MBProgressHUD (0.8)
  - Mixpanel (2.0.5)
  - MSDynamicsDrawerViewController (1.5.1)
  - SDWebImage (3.6):
    - SDWebImage/Core
  - SDWebImage/Core (3.6)
  - UIView+Positioning (1.0.1)

DEPENDENCIES:
  - AFNetworking (~> 1.2)
  - AHAlertView
  - BlocksKit (~> 2.2.0)
  - BSKeyboardControls (~> 2.0)
  - CocoaLumberjack (~> 1.6.2)
  - CrittercismSDK
  - FormatterKit
  - Foursquare-iOS-API (~> 2.0)
  - MBProgressHUD
  - Mixpanel (~> 2.0.0)
  - MSDynamicsDrawerViewController
  - SDWebImage
  - UIView+Positioning

SPEC CHECKSUMS:
  AFNetworking: e403d4333a4e1956cb3fe42364c3c879f820c9a0
  AHAlertView: 7e27f59e8b6adf659891fecf26de1d71c640ea5d
  BlocksKit: d2f8e007646282b4ffc525c15bdf432ad3d11d78
  BSKeyboardControls: 6c1f5e5e6ccc27fc1a5e7c30268fb4953de28352
  CocoaLumberjack: 17803afbade3126a377d32b8d23367264b44ced6
  CrittercismSDK: 2dd7d834502e4b12a2c2e4873c11580bec3778c1
  FormatterKit: 612f56cb00bcda20d8559a2b9a9e6ed9251b9752
  Foursquare-iOS-API: 5c306411e8b24fa69adc7d8a357e48dc0ba6e60b
  MBProgressHUD: 2bbc6f470111daf7f3eaa4eb12b8cbf01c4c0622
  Mixpanel: ae75a13e121828944468502004686277203bc13b
  MSDynamicsDrawerViewController: 2409ca61449d8541a3ee640bfd2d230c3734d3c4
  SDWebImage: 7eb273e54ca8a2e506ad9bd5e80c35b2a4d7c95e
  UIView+Positioning: 635682ac4411a66bfe0d35588f0836c8a104408d

COCOAPODS: 0.32.1
