PODS:
  - AFNetworking (1.2.1)
  - AHAlertView (0.0.2)
  - Appsee (2.0.6)
  - BlocksKit (1.8.3):
    - libffi
  - BSKeyboardControls (2.0)
  - CocoaLumberjack (1.6.2)
  - CrittercismSDK (4.0.2)
  - FormatterKit (1.3.1):
    - FormatterKit/AddressFormatter
    - FormatterKit/ArrayFormatter
    - FormatterKit/ColorFormatter
    - FormatterKit/LocationFormatter
    - FormatterKit/OrdinalNumberFormatter
    - FormatterKit/TimeIntervalFormatter
    - FormatterKit/UnitOfInformationFormatter
    - FormatterKit/URLRequestFormatter
  - FormatterKit/AddressFormatter (1.3.1)
  - FormatterKit/ArrayFormatter (1.3.1)
  - FormatterKit/ColorFormatter (1.3.1)
  - FormatterKit/LocationFormatter (1.3.1)
  - FormatterKit/OrdinalNumberFormatter (1.3.1)
  - FormatterKit/TimeIntervalFormatter (1.3.1)
  - FormatterKit/UnitOfInformationFormatter (1.3.1)
  - FormatterKit/URLRequestFormatter (1.3.1)
  - Foursquare-iOS-API (1.1.0):
    - JSONKit (~> 1.4)
  - JSONKit (1.6)
  - libffi (3.0.13)
  - Mixpanel (2.0.0)
  - MRProgress (0.2.2)
  - MSDynamicsDrawerViewController (1.0.0)
  - SDWebImage (3.4):
    - SDWebImage/Core
  - SDWebImage/Core (3.4)

DEPENDENCIES:
  - AFNetworking (~> 1.2)
  - AHAlertView (~> 0.0.2)
  - Appsee
  - BlocksKit (~> 1.8.3)
  - BSKeyboardControls (~> 2.0)
  - CocoaLumberjack (~> 1.6.2)
  - CrittercismSDK
  - FormatterKit
  - Foursquare-iOS-API (~> 1.1.0)
  - JSONKit (from `https://gist.github.com/marcdown/5282955/raw/2a52cfd92f112f2a52669420c82c1bb1efd15d2a/JSONKit.podspec`)
  - Mixpanel (~> 2.0.0)
  - MRProgress
  - MSDynamicsDrawerViewController
  - SDWebImage (~> 3.4)

EXTERNAL SOURCES:
  JSONKit:
    :podspec: https://gist.github.com/marcdown/5282955/raw/2a52cfd92f112f2a52669420c82c1bb1efd15d2a/JSONKit.podspec

SPEC CHECKSUMS:
  AFNetworking: a44069e3c9c89867544f6639482f155c7e5f9b41
  AHAlertView: 7e27f59e8b6adf659891fecf26de1d71c640ea5d
  Appsee: 267f9614a10707ae89214e31bcbff64d54a26b98
  BlocksKit: 27257f9cbbec0ea98c80ba83cc2ea7111ae62eb2
  BSKeyboardControls: b24def9d769f0990d228abb4e525492cb68a2189
  CocoaLumberjack: 19dceba2d0360ed383cba983bc3ef0dd089c42a1
  CrittercismSDK: f22f016bd22d2b3e5a3427fa0db83b37e0ee2d42
  FormatterKit: 1238e7a6800c750a5f50f5fec1cc430d8e3b71e7
  Foursquare-iOS-API: fd545c468ea39d46e3dc78a81abd87456f9f4996
  JSONKit: 98c50800be324836e4443f6d22ff1324caffa608
  libffi: 64ef39353e747bb2b25e1026afd96a157bf9231c
  Mixpanel: e4af97adb60a10541b7869929a83d734025058a6
  MRProgress: 51af562344c3fe38ce3c0617fd064f6f1ce55cd5
  MSDynamicsDrawerViewController: ae0dec8b54cf08efdfb3c6e8dfa95fb223218223
  SDWebImage: 366188f04c019bfd712d45e3b36aa52070f4abd8

COCOAPODS: 0.28.0
