// !$*UTF8*$!
{
	archiveVersion = 1;
	classes = {
	};
	objectVersion = 46;
	objects = {

/* Begin PBXBuildFile section */
		1FD65827175871670007455B /* AddressBook.framework in Frameworks */ = {isa = PBXBuildFile; fileRef = 1FD65825175871670007455B /* AddressBook.framework */; };
		1FD65828175871670007455B /* AddressBookUI.framework in Frameworks */ = {isa = PBXBuildFile; fileRef = 1FD65826175871670007455B /* AddressBookUI.framework */; };
		1FD6582C175878610007455B /* APIClient.m in Sources */ = {isa = PBXBuildFile; fileRef = 1FD6582B175878610007455B /* APIClient.m */; };
		1FE67713175C08C4006F563C /* CoreLocation.framework in Frameworks */ = {isa = PBXBuildFile; fileRef = 1FE67712175C08C4006F563C /* CoreLocation.framework */; };
		1FE67716175C0EA0006F563C /* BeaconAnnotation.m in Sources */ = {isa = PBXBuildFile; fileRef = 1FE67715175C0EA0006F563C /* BeaconAnnotation.m */; };
		1FE67719175C139C006F563C /* BeaconAnnotationView.m in Sources */ = {isa = PBXBuildFile; fileRef = 1FE67718175C139C006F563C /* BeaconAnnotationView.m */; };
		1FE6771D175C16E9006F563C /* beaconAnnotation@2x.png in Resources */ = {isa = PBXBuildFile; fileRef = 1FE6771C175C16E9006F563C /* beaconAnnotation@2x.png */; };
		9615F4E3175BEBC6005CF62D /* Beacon.m in Sources */ = {isa = PBXBuildFile; fileRef = 9615F4E2175BEBC6005CF62D /* Beacon.m */; };
		9615F4E7175BEBE6005CF62D /* User.m in Sources */ = {isa = PBXBuildFile; fileRef = 9615F4E6175BEBE6005CF62D /* User.m */; };
		9633993C1758512100AF9D89 /* UIKit.framework in Frameworks */ = {isa = PBXBuildFile; fileRef = 9633993B1758512100AF9D89 /* UIKit.framework */; };
		9633993E1758512100AF9D89 /* Foundation.framework in Frameworks */ = {isa = PBXBuildFile; fileRef = 9633993D1758512100AF9D89 /* Foundation.framework */; };
		963399401758512100AF9D89 /* CoreGraphics.framework in Frameworks */ = {isa = PBXBuildFile; fileRef = 9633993F1758512100AF9D89 /* CoreGraphics.framework */; };
		963399461758512100AF9D89 /* InfoPlist.strings in Resources */ = {isa = PBXBuildFile; fileRef = 963399441758512100AF9D89 /* InfoPlist.strings */; };
		963399481758512100AF9D89 /* main.m in Sources */ = {isa = PBXBuildFile; fileRef = 963399471758512100AF9D89 /* main.m */; };
		9633994C1758512100AF9D89 /* AppDelegate.m in Sources */ = {isa = PBXBuildFile; fileRef = 9633994B1758512100AF9D89 /* AppDelegate.m */; };
		9633994E1758512100AF9D89 /* Default.png in Resources */ = {isa = PBXBuildFile; fileRef = 9633994D1758512100AF9D89 /* Default.png */; };
		963399501758512100AF9D89 /* Default@2x.png in Resources */ = {isa = PBXBuildFile; fileRef = 9633994F1758512100AF9D89 /* Default@2x.png */; };
		963399521758512100AF9D89 /* Default-568h@2x.png in Resources */ = {isa = PBXBuildFile; fileRef = 963399511758512100AF9D89 /* Default-568h@2x.png */; };
		963399631758512100AF9D89 /* SenTestingKit.framework in Frameworks */ = {isa = PBXBuildFile; fileRef = 963399621758512100AF9D89 /* SenTestingKit.framework */; };
		963399641758512100AF9D89 /* UIKit.framework in Frameworks */ = {isa = PBXBuildFile; fileRef = 9633993B1758512100AF9D89 /* UIKit.framework */; };
		963399651758512100AF9D89 /* Foundation.framework in Frameworks */ = {isa = PBXBuildFile; fileRef = 9633993D1758512100AF9D89 /* Foundation.framework */; };
		9633996D1758512100AF9D89 /* InfoPlist.strings in Resources */ = {isa = PBXBuildFile; fileRef = 9633996B1758512100AF9D89 /* InfoPlist.strings */; };
		963399701758512100AF9D89 /* BeaconsTests.m in Sources */ = {isa = PBXBuildFile; fileRef = 9633996F1758512100AF9D89 /* BeaconsTests.m */; };
		966070E2175AC989007379A0 /* LineLayout.m in Sources */ = {isa = PBXBuildFile; fileRef = 966070E1175AC989007379A0 /* LineLayout.m */; };
		96956447175852990081B349 /* LoginViewController.m in Sources */ = {isa = PBXBuildFile; fileRef = 96956445175852990081B349 /* LoginViewController.m */; };
		96956448175852990081B349 /* LoginViewController.xib in Resources */ = {isa = PBXBuildFile; fileRef = 96956446175852990081B349 /* LoginViewController.xib */; };
		9695644B175862790081B349 /* CenterNavigationController.m in Sources */ = {isa = PBXBuildFile; fileRef = 9695644A175862790081B349 /* CenterNavigationController.m */; };
		9695644F1758642B0081B349 /* MapViewController.m in Sources */ = {isa = PBXBuildFile; fileRef = 9695644D1758642B0081B349 /* MapViewController.m */; };
		969564501758642B0081B349 /* MapViewController.xib in Resources */ = {isa = PBXBuildFile; fileRef = 9695644E1758642B0081B349 /* MapViewController.xib */; };
		96956452175866920081B349 /* MapKit.framework in Frameworks */ = {isa = PBXBuildFile; fileRef = 96956451175866920081B349 /* MapKit.framework */; };
		969564551758691B0081B349 /* MenuViewController.m in Sources */ = {isa = PBXBuildFile; fileRef = 969564541758691B0081B349 /* MenuViewController.m */; };
		96C87C7D175A9A44006EA3A3 /* loginBackground-568h@2x.png in Resources */ = {isa = PBXBuildFile; fileRef = 96C87C7B175A9A44006EA3A3 /* loginBackground-568h@2x.png */; };
		96C87C7E175A9A44006EA3A3 /* loginBackground@2x.png in Resources */ = {isa = PBXBuildFile; fileRef = 96C87C7C175A9A44006EA3A3 /* loginBackground@2x.png */; };
		96C87C80175A9C12006EA3A3 /* orangeButton@2x.png in Resources */ = {isa = PBXBuildFile; fileRef = 96C87C7F175A9C12006EA3A3 /* orangeButton@2x.png */; };
		96C87C82175AA423006EA3A3 /* menuBackground@2x.png in Resources */ = {isa = PBXBuildFile; fileRef = 96C87C81175AA423006EA3A3 /* menuBackground@2x.png */; };
		96C87C84175AB60C006EA3A3 /* hairline@2x.png in Resources */ = {isa = PBXBuildFile; fileRef = 96C87C83175AB60C006EA3A3 /* hairline@2x.png */; };
		96C87C8A175AB97F006EA3A3 /* DefaultTheme.m in Sources */ = {isa = PBXBuildFile; fileRef = 96C87C87175AB97F006EA3A3 /* DefaultTheme.m */; };
		96C87C8B175AB97F006EA3A3 /* Theme.m in Sources */ = {isa = PBXBuildFile; fileRef = 96C87C89175AB97F006EA3A3 /* Theme.m */; };
		96C87C8F175ABC66006EA3A3 /* navBar@2x.png in Resources */ = {isa = PBXBuildFile; fileRef = 96C87C8E175ABC66006EA3A3 /* navBar@2x.png */; };
		96C87C91175ABC94006EA3A3 /* menuButton@2x.png in Resources */ = {isa = PBXBuildFile; fileRef = 96C87C90175ABC94006EA3A3 /* menuButton@2x.png */; };
		96C87C97175AC773006EA3A3 /* BeaconCell.m in Sources */ = {isa = PBXBuildFile; fileRef = 96C87C96175AC773006EA3A3 /* BeaconCell.m */; };
		BAACCCEC5337422D84F15434 /* libPods.a in Frameworks */ = {isa = PBXBuildFile; fileRef = 15682936FBA5486DAB10FFCA /* libPods.a */; };
/* End PBXBuildFile section */

/* Begin PBXContainerItemProxy section */
		963399661758512100AF9D89 /* PBXContainerItemProxy */ = {
			isa = PBXContainerItemProxy;
			containerPortal = 963399301758512100AF9D89 /* Project object */;
			proxyType = 1;
			remoteGlobalIDString = 963399371758512100AF9D89;
			remoteInfo = Beacons;
		};
/* End PBXContainerItemProxy section */

/* Begin PBXFileReference section */
		15682936FBA5486DAB10FFCA /* libPods.a */ = {isa = PBXFileReference; explicitFileType = archive.ar; includeInIndex = 0; path = libPods.a; sourceTree = BUILT_PRODUCTS_DIR; };
		1D52DBDD22844917AFA0C8BB /* Pods.xcconfig */ = {isa = PBXFileReference; includeInIndex = 1; lastKnownFileType = text.xcconfig; name = Pods.xcconfig; path = Pods/Pods.xcconfig; sourceTree = SOURCE_ROOT; };
		1FD65825175871670007455B /* AddressBook.framework */ = {isa = PBXFileReference; lastKnownFileType = wrapper.framework; name = AddressBook.framework; path = System/Library/Frameworks/AddressBook.framework; sourceTree = SDKROOT; };
		1FD65826175871670007455B /* AddressBookUI.framework */ = {isa = PBXFileReference; lastKnownFileType = wrapper.framework; name = AddressBookUI.framework; path = System/Library/Frameworks/AddressBookUI.framework; sourceTree = SDKROOT; };
		1FD6582A175878610007455B /* APIClient.h */ = {isa = PBXFileReference; fileEncoding = 4; lastKnownFileType = sourcecode.c.h; path = APIClient.h; sourceTree = "<group>"; };
		1FD6582B175878610007455B /* APIClient.m */ = {isa = PBXFileReference; fileEncoding = 4; lastKnownFileType = sourcecode.c.objc; path = APIClient.m; sourceTree = "<group>"; };
		1FD6582E175878E20007455B /* Constants.h */ = {isa = PBXFileReference; lastKnownFileType = sourcecode.c.h; path = Constants.h; sourceTree = "<group>"; };
		1FD6582F1758790A0007455B /* HTTPStatusCodes.h */ = {isa = PBXFileReference; lastKnownFileType = sourcecode.c.h; path = HTTPStatusCodes.h; sourceTree = "<group>"; };
		1FE67712175C08C4006F563C /* CoreLocation.framework */ = {isa = PBXFileReference; lastKnownFileType = wrapper.framework; name = CoreLocation.framework; path = System/Library/Frameworks/CoreLocation.framework; sourceTree = SDKROOT; };
		1FE67714175C0EA0006F563C /* BeaconAnnotation.h */ = {isa = PBXFileReference; fileEncoding = 4; lastKnownFileType = sourcecode.c.h; name = BeaconAnnotation.h; path = ../BeaconAnnotation.h; sourceTree = "<group>"; };
		1FE67715175C0EA0006F563C /* BeaconAnnotation.m */ = {isa = PBXFileReference; fileEncoding = 4; lastKnownFileType = sourcecode.c.objc; name = BeaconAnnotation.m; path = ../BeaconAnnotation.m; sourceTree = "<group>"; };
		1FE67717175C139C006F563C /* BeaconAnnotationView.h */ = {isa = PBXFileReference; fileEncoding = 4; lastKnownFileType = sourcecode.c.h; name = BeaconAnnotationView.h; path = ../../BeaconAnnotationView.h; sourceTree = "<group>"; };
		1FE67718175C139C006F563C /* BeaconAnnotationView.m */ = {isa = PBXFileReference; fileEncoding = 4; lastKnownFileType = sourcecode.c.objc; name = BeaconAnnotationView.m; path = ../../BeaconAnnotationView.m; sourceTree = "<group>"; };
		1FE6771C175C16E9006F563C /* beaconAnnotation@2x.png */ = {isa = PBXFileReference; lastKnownFileType = image.png; path = "beaconAnnotation@2x.png"; sourceTree = "<group>"; };
		9615F4E1175BEBC6005CF62D /* Beacon.h */ = {isa = PBXFileReference; fileEncoding = 4; lastKnownFileType = sourcecode.c.h; path = Beacon.h; sourceTree = "<group>"; };
		9615F4E2175BEBC6005CF62D /* Beacon.m */ = {isa = PBXFileReference; fileEncoding = 4; lastKnownFileType = sourcecode.c.objc; path = Beacon.m; sourceTree = "<group>"; };
		9615F4E5175BEBE6005CF62D /* User.h */ = {isa = PBXFileReference; fileEncoding = 4; lastKnownFileType = sourcecode.c.h; path = User.h; sourceTree = "<group>"; };
		9615F4E6175BEBE6005CF62D /* User.m */ = {isa = PBXFileReference; fileEncoding = 4; lastKnownFileType = sourcecode.c.objc; path = User.m; sourceTree = "<group>"; };
		963399381758512100AF9D89 /* Beacons.app */ = {isa = PBXFileReference; explicitFileType = wrapper.application; includeInIndex = 0; path = Beacons.app; sourceTree = BUILT_PRODUCTS_DIR; };
		9633993B1758512100AF9D89 /* UIKit.framework */ = {isa = PBXFileReference; lastKnownFileType = wrapper.framework; name = UIKit.framework; path = System/Library/Frameworks/UIKit.framework; sourceTree = SDKROOT; };
		9633993D1758512100AF9D89 /* Foundation.framework */ = {isa = PBXFileReference; lastKnownFileType = wrapper.framework; name = Foundation.framework; path = System/Library/Frameworks/Foundation.framework; sourceTree = SDKROOT; };
		9633993F1758512100AF9D89 /* CoreGraphics.framework */ = {isa = PBXFileReference; lastKnownFileType = wrapper.framework; name = CoreGraphics.framework; path = System/Library/Frameworks/CoreGraphics.framework; sourceTree = SDKROOT; };
		963399431758512100AF9D89 /* Beacons-Info.plist */ = {isa = PBXFileReference; lastKnownFileType = text.plist.xml; path = "Beacons-Info.plist"; sourceTree = "<group>"; };
		963399451758512100AF9D89 /* en */ = {isa = PBXFileReference; lastKnownFileType = text.plist.strings; name = en; path = en.lproj/InfoPlist.strings; sourceTree = "<group>"; };
		963399471758512100AF9D89 /* main.m */ = {isa = PBXFileReference; lastKnownFileType = sourcecode.c.objc; path = main.m; sourceTree = "<group>"; };
		963399491758512100AF9D89 /* Beacons-Prefix.pch */ = {isa = PBXFileReference; lastKnownFileType = sourcecode.c.h; path = "Beacons-Prefix.pch"; sourceTree = "<group>"; };
		9633994A1758512100AF9D89 /* AppDelegate.h */ = {isa = PBXFileReference; lastKnownFileType = sourcecode.c.h; path = AppDelegate.h; sourceTree = "<group>"; };
		9633994B1758512100AF9D89 /* AppDelegate.m */ = {isa = PBXFileReference; lastKnownFileType = sourcecode.c.objc; path = AppDelegate.m; sourceTree = "<group>"; };
		9633994D1758512100AF9D89 /* Default.png */ = {isa = PBXFileReference; lastKnownFileType = image.png; path = Default.png; sourceTree = "<group>"; };
		9633994F1758512100AF9D89 /* Default@2x.png */ = {isa = PBXFileReference; lastKnownFileType = image.png; path = "Default@2x.png"; sourceTree = "<group>"; };
		963399511758512100AF9D89 /* Default-568h@2x.png */ = {isa = PBXFileReference; lastKnownFileType = image.png; path = "Default-568h@2x.png"; sourceTree = "<group>"; };
		963399611758512100AF9D89 /* BeaconsTests.octest */ = {isa = PBXFileReference; explicitFileType = wrapper.cfbundle; includeInIndex = 0; path = BeaconsTests.octest; sourceTree = BUILT_PRODUCTS_DIR; };
		963399621758512100AF9D89 /* SenTestingKit.framework */ = {isa = PBXFileReference; lastKnownFileType = wrapper.framework; name = SenTestingKit.framework; path = Library/Frameworks/SenTestingKit.framework; sourceTree = DEVELOPER_DIR; };
		9633996A1758512100AF9D89 /* BeaconsTests-Info.plist */ = {isa = PBXFileReference; lastKnownFileType = text.plist.xml; path = "BeaconsTests-Info.plist"; sourceTree = "<group>"; };
		9633996C1758512100AF9D89 /* en */ = {isa = PBXFileReference; lastKnownFileType = text.plist.strings; name = en; path = en.lproj/InfoPlist.strings; sourceTree = "<group>"; };
		9633996E1758512100AF9D89 /* BeaconsTests.h */ = {isa = PBXFileReference; lastKnownFileType = sourcecode.c.h; path = BeaconsTests.h; sourceTree = "<group>"; };
		9633996F1758512100AF9D89 /* BeaconsTests.m */ = {isa = PBXFileReference; lastKnownFileType = sourcecode.c.objc; path = BeaconsTests.m; sourceTree = "<group>"; };
		966070E0175AC989007379A0 /* LineLayout.h */ = {isa = PBXFileReference; fileEncoding = 4; lastKnownFileType = sourcecode.c.h; path = LineLayout.h; sourceTree = "<group>"; };
		966070E1175AC989007379A0 /* LineLayout.m */ = {isa = PBXFileReference; fileEncoding = 4; lastKnownFileType = sourcecode.c.objc; path = LineLayout.m; sourceTree = "<group>"; };
		96956444175852990081B349 /* LoginViewController.h */ = {isa = PBXFileReference; fileEncoding = 4; lastKnownFileType = sourcecode.c.h; path = LoginViewController.h; sourceTree = "<group>"; };
		96956445175852990081B349 /* LoginViewController.m */ = {isa = PBXFileReference; fileEncoding = 4; lastKnownFileType = sourcecode.c.objc; path = LoginViewController.m; sourceTree = "<group>"; };
		96956446175852990081B349 /* LoginViewController.xib */ = {isa = PBXFileReference; fileEncoding = 4; lastKnownFileType = file.xib; path = LoginViewController.xib; sourceTree = "<group>"; };
		96956449175862790081B349 /* CenterNavigationController.h */ = {isa = PBXFileReference; fileEncoding = 4; lastKnownFileType = sourcecode.c.h; path = CenterNavigationController.h; sourceTree = "<group>"; };
		9695644A175862790081B349 /* CenterNavigationController.m */ = {isa = PBXFileReference; fileEncoding = 4; lastKnownFileType = sourcecode.c.objc; path = CenterNavigationController.m; sourceTree = "<group>"; };
		9695644C1758642B0081B349 /* MapViewController.h */ = {isa = PBXFileReference; fileEncoding = 4; lastKnownFileType = sourcecode.c.h; path = MapViewController.h; sourceTree = "<group>"; };
		9695644D1758642B0081B349 /* MapViewController.m */ = {isa = PBXFileReference; fileEncoding = 4; lastKnownFileType = sourcecode.c.objc; path = MapViewController.m; sourceTree = "<group>"; };
		9695644E1758642B0081B349 /* MapViewController.xib */ = {isa = PBXFileReference; fileEncoding = 4; lastKnownFileType = file.xib; path = MapViewController.xib; sourceTree = "<group>"; };
		96956451175866920081B349 /* MapKit.framework */ = {isa = PBXFileReference; lastKnownFileType = wrapper.framework; name = MapKit.framework; path = System/Library/Frameworks/MapKit.framework; sourceTree = SDKROOT; };
		969564531758691B0081B349 /* MenuViewController.h */ = {isa = PBXFileReference; fileEncoding = 4; lastKnownFileType = sourcecode.c.h; path = MenuViewController.h; sourceTree = "<group>"; };
		969564541758691B0081B349 /* MenuViewController.m */ = {isa = PBXFileReference; fileEncoding = 4; lastKnownFileType = sourcecode.c.objc; path = MenuViewController.m; sourceTree = "<group>"; };
		96C87C7B175A9A44006EA3A3 /* loginBackground-568h@2x.png */ = {isa = PBXFileReference; lastKnownFileType = image.png; path = "loginBackground-568h@2x.png"; sourceTree = "<group>"; };
		96C87C7C175A9A44006EA3A3 /* loginBackground@2x.png */ = {isa = PBXFileReference; lastKnownFileType = image.png; path = "loginBackground@2x.png"; sourceTree = "<group>"; };
		96C87C7F175A9C12006EA3A3 /* orangeButton@2x.png */ = {isa = PBXFileReference; lastKnownFileType = image.png; path = "orangeButton@2x.png"; sourceTree = "<group>"; };
		96C87C81175AA423006EA3A3 /* menuBackground@2x.png */ = {isa = PBXFileReference; lastKnownFileType = image.png; path = "menuBackground@2x.png"; sourceTree = "<group>"; };
		96C87C83175AB60C006EA3A3 /* hairline@2x.png */ = {isa = PBXFileReference; lastKnownFileType = image.png; path = "hairline@2x.png"; sourceTree = "<group>"; };
		96C87C86175AB97F006EA3A3 /* DefaultTheme.h */ = {isa = PBXFileReference; fileEncoding = 4; lastKnownFileType = sourcecode.c.h; path = DefaultTheme.h; sourceTree = "<group>"; };
		96C87C87175AB97F006EA3A3 /* DefaultTheme.m */ = {isa = PBXFileReference; fileEncoding = 4; lastKnownFileType = sourcecode.c.objc; path = DefaultTheme.m; sourceTree = "<group>"; };
		96C87C88175AB97F006EA3A3 /* Theme.h */ = {isa = PBXFileReference; fileEncoding = 4; lastKnownFileType = sourcecode.c.h; path = Theme.h; sourceTree = "<group>"; };
		96C87C89175AB97F006EA3A3 /* Theme.m */ = {isa = PBXFileReference; fileEncoding = 4; lastKnownFileType = sourcecode.c.objc; path = Theme.m; sourceTree = "<group>"; };
		96C87C8E175ABC66006EA3A3 /* navBar@2x.png */ = {isa = PBXFileReference; lastKnownFileType = image.png; path = "navBar@2x.png"; sourceTree = "<group>"; };
		96C87C90175ABC94006EA3A3 /* menuButton@2x.png */ = {isa = PBXFileReference; lastKnownFileType = image.png; path = "menuButton@2x.png"; sourceTree = "<group>"; };
		96C87C95175AC773006EA3A3 /* BeaconCell.h */ = {isa = PBXFileReference; fileEncoding = 4; lastKnownFileType = sourcecode.c.h; name = BeaconCell.h; path = ../BeaconCell.h; sourceTree = "<group>"; };
		96C87C96175AC773006EA3A3 /* BeaconCell.m */ = {isa = PBXFileReference; fileEncoding = 4; lastKnownFileType = sourcecode.c.objc; name = BeaconCell.m; path = ../BeaconCell.m; sourceTree = "<group>"; };
/* End PBXFileReference section */

/* Begin PBXFrameworksBuildPhase section */
		963399351758512100AF9D89 /* Frameworks */ = {
			isa = PBXFrameworksBuildPhase;
			buildActionMask = 2147483647;
			files = (
				1FE67713175C08C4006F563C /* CoreLocation.framework in Frameworks */,
				1FD65827175871670007455B /* AddressBook.framework in Frameworks */,
				1FD65828175871670007455B /* AddressBookUI.framework in Frameworks */,
				96956452175866920081B349 /* MapKit.framework in Frameworks */,
				9633993C1758512100AF9D89 /* UIKit.framework in Frameworks */,
				9633993E1758512100AF9D89 /* Foundation.framework in Frameworks */,
				963399401758512100AF9D89 /* CoreGraphics.framework in Frameworks */,
				BAACCCEC5337422D84F15434 /* libPods.a in Frameworks */,
			);
			runOnlyForDeploymentPostprocessing = 0;
		};
		9633995D1758512100AF9D89 /* Frameworks */ = {
			isa = PBXFrameworksBuildPhase;
			buildActionMask = 2147483647;
			files = (
				963399631758512100AF9D89 /* SenTestingKit.framework in Frameworks */,
				963399641758512100AF9D89 /* UIKit.framework in Frameworks */,
				963399651758512100AF9D89 /* Foundation.framework in Frameworks */,
			);
			runOnlyForDeploymentPostprocessing = 0;
		};
/* End PBXFrameworksBuildPhase section */

/* Begin PBXGroup section */
		1FD65829175878480007455B /* Networking */ = {
			isa = PBXGroup;
			children = (
				1FD6582A175878610007455B /* APIClient.h */,
				1FD6582B175878610007455B /* APIClient.m */,
			);
			path = Networking;
			sourceTree = "<group>";
		};
		1FD6582D175878D20007455B /* Constants */ = {
			isa = PBXGroup;
			children = (
				1FD6582E175878E20007455B /* Constants.h */,
				1FD6582F1758790A0007455B /* HTTPStatusCodes.h */,
			);
			path = Constants;
			sourceTree = "<group>";
		};
		1FE6771E175C1DAA006F563C /* Views */ = {
			isa = PBXGroup;
			children = (
				96C87C95175AC773006EA3A3 /* BeaconCell.h */,
				96C87C96175AC773006EA3A3 /* BeaconCell.m */,
				1FE67717175C139C006F563C /* BeaconAnnotationView.h */,
				1FE67718175C139C006F563C /* BeaconAnnotationView.m */,
			);
			path = Views;
			sourceTree = "<group>";
		};
		9615F4E0175BEBA9005CF62D /* Models */ = {
			isa = PBXGroup;
			children = (
				1FE67714175C0EA0006F563C /* BeaconAnnotation.h */,
				1FE67715175C0EA0006F563C /* BeaconAnnotation.m */,
				9615F4E1175BEBC6005CF62D /* Beacon.h */,
				9615F4E2175BEBC6005CF62D /* Beacon.m */,
				9615F4E5175BEBE6005CF62D /* User.h */,
				9615F4E6175BEBE6005CF62D /* User.m */,
			);
			path = Models;
			sourceTree = "<group>";
		};
		9633992F1758512100AF9D89 = {
			isa = PBXGroup;
			children = (
				963399411758512100AF9D89 /* Beacons */,
				963399681758512100AF9D89 /* BeaconsTests */,
				9633993A1758512100AF9D89 /* Frameworks */,
				963399391758512100AF9D89 /* Products */,
				1D52DBDD22844917AFA0C8BB /* Pods.xcconfig */,
			);
			sourceTree = "<group>";
		};
		963399391758512100AF9D89 /* Products */ = {
			isa = PBXGroup;
			children = (
				963399381758512100AF9D89 /* Beacons.app */,
				963399611758512100AF9D89 /* BeaconsTests.octest */,
			);
			name = Products;
			sourceTree = "<group>";
		};
		9633993A1758512100AF9D89 /* Frameworks */ = {
			isa = PBXGroup;
			children = (
				1FE67712175C08C4006F563C /* CoreLocation.framework */,
				1FD65825175871670007455B /* AddressBook.framework */,
				1FD65826175871670007455B /* AddressBookUI.framework */,
				96956451175866920081B349 /* MapKit.framework */,
				9633993B1758512100AF9D89 /* UIKit.framework */,
				9633993D1758512100AF9D89 /* Foundation.framework */,
				9633993F1758512100AF9D89 /* CoreGraphics.framework */,
				963399621758512100AF9D89 /* SenTestingKit.framework */,
				15682936FBA5486DAB10FFCA /* libPods.a */,
			);
			name = Frameworks;
			sourceTree = "<group>";
		};
		963399411758512100AF9D89 /* Beacons */ = {
			isa = PBXGroup;
			children = (
				1FE6771E175C1DAA006F563C /* Views */,
				9615F4E0175BEBA9005CF62D /* Models */,
				96C87C85175AB966006EA3A3 /* Theme */,
				96C87C7A175A9A2C006EA3A3 /* Resources */,
				1FD6582D175878D20007455B /* Constants */,
				1FD65829175878480007455B /* Networking */,
				9633994A1758512100AF9D89 /* AppDelegate.h */,
				966070E0175AC989007379A0 /* LineLayout.h */,
				966070E1175AC989007379A0 /* LineLayout.m */,
				9633994B1758512100AF9D89 /* AppDelegate.m */,
				96956449175862790081B349 /* CenterNavigationController.h */,
				9695644A175862790081B349 /* CenterNavigationController.m */,
				96956444175852990081B349 /* LoginViewController.h */,
				96956445175852990081B349 /* LoginViewController.m */,
				96956446175852990081B349 /* LoginViewController.xib */,
				9695644C1758642B0081B349 /* MapViewController.h */,
				9695644D1758642B0081B349 /* MapViewController.m */,
				9695644E1758642B0081B349 /* MapViewController.xib */,
				969564531758691B0081B349 /* MenuViewController.h */,
				969564541758691B0081B349 /* MenuViewController.m */,
				963399421758512100AF9D89 /* Supporting Files */,
			);
			path = Beacons;
			sourceTree = "<group>";
		};
		963399421758512100AF9D89 /* Supporting Files */ = {
			isa = PBXGroup;
			children = (
				963399431758512100AF9D89 /* Beacons-Info.plist */,
				963399441758512100AF9D89 /* InfoPlist.strings */,
				963399471758512100AF9D89 /* main.m */,
				963399491758512100AF9D89 /* Beacons-Prefix.pch */,
				9633994D1758512100AF9D89 /* Default.png */,
				9633994F1758512100AF9D89 /* Default@2x.png */,
				963399511758512100AF9D89 /* Default-568h@2x.png */,
			);
			name = "Supporting Files";
			sourceTree = "<group>";
		};
		963399681758512100AF9D89 /* BeaconsTests */ = {
			isa = PBXGroup;
			children = (
				9633996E1758512100AF9D89 /* BeaconsTests.h */,
				9633996F1758512100AF9D89 /* BeaconsTests.m */,
				963399691758512100AF9D89 /* Supporting Files */,
			);
			path = BeaconsTests;
			sourceTree = "<group>";
		};
		963399691758512100AF9D89 /* Supporting Files */ = {
			isa = PBXGroup;
			children = (
				9633996A1758512100AF9D89 /* BeaconsTests-Info.plist */,
				9633996B1758512100AF9D89 /* InfoPlist.strings */,
			);
			name = "Supporting Files";
			sourceTree = "<group>";
		};
		96C87C7A175A9A2C006EA3A3 /* Resources */ = {
			isa = PBXGroup;
			children = (
				1FE6771C175C16E9006F563C /* beaconAnnotation@2x.png */,
				96C87C7F175A9C12006EA3A3 /* orangeButton@2x.png */,
				96C87C7B175A9A44006EA3A3 /* loginBackground-568h@2x.png */,
				96C87C7C175A9A44006EA3A3 /* loginBackground@2x.png */,
				96C87C81175AA423006EA3A3 /* menuBackground@2x.png */,
				96C87C83175AB60C006EA3A3 /* hairline@2x.png */,
				96C87C8E175ABC66006EA3A3 /* navBar@2x.png */,
				96C87C90175ABC94006EA3A3 /* menuButton@2x.png */,
			);
			path = Resources;
			sourceTree = "<group>";
		};
		96C87C85175AB966006EA3A3 /* Theme */ = {
			isa = PBXGroup;
			children = (
				96C87C86175AB97F006EA3A3 /* DefaultTheme.h */,
				96C87C87175AB97F006EA3A3 /* DefaultTheme.m */,
				96C87C88175AB97F006EA3A3 /* Theme.h */,
				96C87C89175AB97F006EA3A3 /* Theme.m */,
			);
			path = Theme;
			sourceTree = "<group>";
		};
/* End PBXGroup section */

/* Begin PBXNativeTarget section */
		963399371758512100AF9D89 /* Beacons */ = {
			isa = PBXNativeTarget;
			buildConfigurationList = 963399731758512100AF9D89 /* Build configuration list for PBXNativeTarget "Beacons" */;
			buildPhases = (
				EB6EA8C100714CE79F5A31EF /* Check Pods Manifest.lock */,
				963399341758512100AF9D89 /* Sources */,
				963399351758512100AF9D89 /* Frameworks */,
				963399361758512100AF9D89 /* Resources */,
				1DED3053DF5C4AE6AF98CCA8 /* Copy Pods Resources */,
			);
			buildRules = (
			);
			dependencies = (
			);
			name = Beacons;
			productName = Beacons;
			productReference = 963399381758512100AF9D89 /* Beacons.app */;
			productType = "com.apple.product-type.application";
		};
		963399601758512100AF9D89 /* BeaconsTests */ = {
			isa = PBXNativeTarget;
			buildConfigurationList = 963399761758512100AF9D89 /* Build configuration list for PBXNativeTarget "BeaconsTests" */;
			buildPhases = (
				9633995C1758512100AF9D89 /* Sources */,
				9633995D1758512100AF9D89 /* Frameworks */,
				9633995E1758512100AF9D89 /* Resources */,
				9633995F1758512100AF9D89 /* ShellScript */,
			);
			buildRules = (
			);
			dependencies = (
				963399671758512100AF9D89 /* PBXTargetDependency */,
			);
			name = BeaconsTests;
			productName = BeaconsTests;
			productReference = 963399611758512100AF9D89 /* BeaconsTests.octest */;
			productType = "com.apple.product-type.bundle";
		};
/* End PBXNativeTarget section */

/* Begin PBXProject section */
		963399301758512100AF9D89 /* Project object */ = {
			isa = PBXProject;
			attributes = {
				LastUpgradeCheck = 0460;
				ORGANIZATIONNAME = "Jeff Ames";
			};
			buildConfigurationList = 963399331758512100AF9D89 /* Build configuration list for PBXProject "Beacons" */;
			compatibilityVersion = "Xcode 3.2";
			developmentRegion = English;
			hasScannedForEncodings = 0;
			knownRegions = (
				en,
			);
			mainGroup = 9633992F1758512100AF9D89;
			productRefGroup = 963399391758512100AF9D89 /* Products */;
			projectDirPath = "";
			projectRoot = "";
			targets = (
				963399371758512100AF9D89 /* Beacons */,
				963399601758512100AF9D89 /* BeaconsTests */,
			);
		};
/* End PBXProject section */

/* Begin PBXResourcesBuildPhase section */
		963399361758512100AF9D89 /* Resources */ = {
			isa = PBXResourcesBuildPhase;
			buildActionMask = 2147483647;
			files = (
				963399461758512100AF9D89 /* InfoPlist.strings in Resources */,
				9633994E1758512100AF9D89 /* Default.png in Resources */,
				963399501758512100AF9D89 /* Default@2x.png in Resources */,
				963399521758512100AF9D89 /* Default-568h@2x.png in Resources */,
				96956448175852990081B349 /* LoginViewController.xib in Resources */,
				969564501758642B0081B349 /* MapViewController.xib in Resources */,
				96C87C7D175A9A44006EA3A3 /* loginBackground-568h@2x.png in Resources */,
				96C87C7E175A9A44006EA3A3 /* loginBackground@2x.png in Resources */,
				96C87C80175A9C12006EA3A3 /* orangeButton@2x.png in Resources */,
				96C87C82175AA423006EA3A3 /* menuBackground@2x.png in Resources */,
				96C87C84175AB60C006EA3A3 /* hairline@2x.png in Resources */,
				96C87C8F175ABC66006EA3A3 /* navBar@2x.png in Resources */,
				96C87C91175ABC94006EA3A3 /* menuButton@2x.png in Resources */,
				1FE6771D175C16E9006F563C /* beaconAnnotation@2x.png in Resources */,
			);
			runOnlyForDeploymentPostprocessing = 0;
		};
		9633995E1758512100AF9D89 /* Resources */ = {
			isa = PBXResourcesBuildPhase;
			buildActionMask = 2147483647;
			files = (
				9633996D1758512100AF9D89 /* InfoPlist.strings in Resources */,
			);
			runOnlyForDeploymentPostprocessing = 0;
		};
/* End PBXResourcesBuildPhase section */

/* Begin PBXShellScriptBuildPhase section */
		1DED3053DF5C4AE6AF98CCA8 /* Copy Pods Resources */ = {
			isa = PBXShellScriptBuildPhase;
			buildActionMask = 2147483647;
			files = (
			);
			inputPaths = (
			);
			name = "Copy Pods Resources";
			outputPaths = (
			);
			runOnlyForDeploymentPostprocessing = 0;
			shellPath = /bin/sh;
			shellScript = "\"${SRCROOT}/Pods/Pods-resources.sh\"\n";
		};
		9633995F1758512100AF9D89 /* ShellScript */ = {
			isa = PBXShellScriptBuildPhase;
			buildActionMask = 2147483647;
			files = (
			);
			inputPaths = (
			);
			outputPaths = (
			);
			runOnlyForDeploymentPostprocessing = 0;
			shellPath = /bin/sh;
			shellScript = "# Run the unit tests in this test bundle.\n\"${SYSTEM_DEVELOPER_DIR}/Tools/RunUnitTests\"\n";
		};
		EB6EA8C100714CE79F5A31EF /* Check Pods Manifest.lock */ = {
			isa = PBXShellScriptBuildPhase;
			buildActionMask = 2147483647;
			files = (
			);
			inputPaths = (
			);
			name = "Check Pods Manifest.lock";
			outputPaths = (
			);
			runOnlyForDeploymentPostprocessing = 0;
			shellPath = /bin/sh;
			shellScript = "diff \"${PODS_ROOT}/../Podfile.lock\" \"${PODS_ROOT}/Manifest.lock\" > /dev/null\nif [[ $? != 0 ]] ; then\n    cat << EOM\nerror: The sandbox is not in sync with the Podfile.lock. Run 'pod install' or update your CocoaPods installation.\nEOM\n    exit 1\nfi\n";
		};
/* End PBXShellScriptBuildPhase section */

/* Begin PBXSourcesBuildPhase section */
		963399341758512100AF9D89 /* Sources */ = {
			isa = PBXSourcesBuildPhase;
			buildActionMask = 2147483647;
			files = (
				963399481758512100AF9D89 /* main.m in Sources */,
				9633994C1758512100AF9D89 /* AppDelegate.m in Sources */,
				96956447175852990081B349 /* LoginViewController.m in Sources */,
				9695644B175862790081B349 /* CenterNavigationController.m in Sources */,
				9695644F1758642B0081B349 /* MapViewController.m in Sources */,
				969564551758691B0081B349 /* MenuViewController.m in Sources */,
				1FD6582C175878610007455B /* APIClient.m in Sources */,
				96C87C8A175AB97F006EA3A3 /* DefaultTheme.m in Sources */,
				96C87C8B175AB97F006EA3A3 /* Theme.m in Sources */,
				96C87C97175AC773006EA3A3 /* BeaconCell.m in Sources */,
				966070E2175AC989007379A0 /* LineLayout.m in Sources */,
				9615F4E3175BEBC6005CF62D /* Beacon.m in Sources */,
				9615F4E7175BEBE6005CF62D /* User.m in Sources */,
				1FE67716175C0EA0006F563C /* BeaconAnnotation.m in Sources */,
				1FE67719175C139C006F563C /* BeaconAnnotationView.m in Sources */,
			);
			runOnlyForDeploymentPostprocessing = 0;
		};
		9633995C1758512100AF9D89 /* Sources */ = {
			isa = PBXSourcesBuildPhase;
			buildActionMask = 2147483647;
			files = (
				963399701758512100AF9D89 /* BeaconsTests.m in Sources */,
			);
			runOnlyForDeploymentPostprocessing = 0;
		};
/* End PBXSourcesBuildPhase section */

/* Begin PBXTargetDependency section */
		963399671758512100AF9D89 /* PBXTargetDependency */ = {
			isa = PBXTargetDependency;
			target = 963399371758512100AF9D89 /* Beacons */;
			targetProxy = 963399661758512100AF9D89 /* PBXContainerItemProxy */;
		};
/* End PBXTargetDependency section */

/* Begin PBXVariantGroup section */
		963399441758512100AF9D89 /* InfoPlist.strings */ = {
			isa = PBXVariantGroup;
			children = (
				963399451758512100AF9D89 /* en */,
			);
			name = InfoPlist.strings;
			sourceTree = "<group>";
		};
		9633996B1758512100AF9D89 /* InfoPlist.strings */ = {
			isa = PBXVariantGroup;
			children = (
				9633996C1758512100AF9D89 /* en */,
			);
			name = InfoPlist.strings;
			sourceTree = "<group>";
		};
/* End PBXVariantGroup section */

/* Begin XCBuildConfiguration section */
		963399711758512100AF9D89 /* Debug */ = {
			isa = XCBuildConfiguration;
			buildSettings = {
				ALWAYS_SEARCH_USER_PATHS = NO;
				CLANG_CXX_LANGUAGE_STANDARD = "gnu++0x";
				CLANG_CXX_LIBRARY = "libc++";
				CLANG_ENABLE_OBJC_ARC = YES;
				CLANG_WARN_CONSTANT_CONVERSION = YES;
				CLANG_WARN_EMPTY_BODY = YES;
				CLANG_WARN_ENUM_CONVERSION = YES;
				CLANG_WARN_INT_CONVERSION = YES;
				CLANG_WARN__DUPLICATE_METHOD_MATCH = YES;
				"CODE_SIGN_IDENTITY[sdk=iphoneos*]" = "iPhone Developer";
				COPY_PHASE_STRIP = NO;
				GCC_C_LANGUAGE_STANDARD = gnu99;
				GCC_DYNAMIC_NO_PIC = NO;
				GCC_OPTIMIZATION_LEVEL = 0;
				GCC_PREPROCESSOR_DEFINITIONS = (
					"DEBUG=1",
					"$(inherited)",
				);
				GCC_SYMBOLS_PRIVATE_EXTERN = NO;
				GCC_WARN_ABOUT_RETURN_TYPE = YES;
				GCC_WARN_UNINITIALIZED_AUTOS = YES;
				GCC_WARN_UNUSED_VARIABLE = YES;
				IPHONEOS_DEPLOYMENT_TARGET = 6.1;
				ONLY_ACTIVE_ARCH = YES;
				SDKROOT = iphoneos;
				TARGETED_DEVICE_FAMILY = "1,2";
			};
			name = Debug;
		};
		963399721758512100AF9D89 /* Release */ = {
			isa = XCBuildConfiguration;
			buildSettings = {
				ALWAYS_SEARCH_USER_PATHS = NO;
				CLANG_CXX_LANGUAGE_STANDARD = "gnu++0x";
				CLANG_CXX_LIBRARY = "libc++";
				CLANG_ENABLE_OBJC_ARC = YES;
				CLANG_WARN_CONSTANT_CONVERSION = YES;
				CLANG_WARN_EMPTY_BODY = YES;
				CLANG_WARN_ENUM_CONVERSION = YES;
				CLANG_WARN_INT_CONVERSION = YES;
				CLANG_WARN__DUPLICATE_METHOD_MATCH = YES;
				"CODE_SIGN_IDENTITY[sdk=iphoneos*]" = "iPhone Developer";
				COPY_PHASE_STRIP = YES;
				GCC_C_LANGUAGE_STANDARD = gnu99;
				GCC_WARN_ABOUT_RETURN_TYPE = YES;
				GCC_WARN_UNINITIALIZED_AUTOS = YES;
				GCC_WARN_UNUSED_VARIABLE = YES;
				IPHONEOS_DEPLOYMENT_TARGET = 6.1;
				OTHER_CFLAGS = "-DNS_BLOCK_ASSERTIONS=1";
				SDKROOT = iphoneos;
				TARGETED_DEVICE_FAMILY = "1,2";
				VALIDATE_PRODUCT = YES;
			};
			name = Release;
		};
		963399741758512100AF9D89 /* Debug */ = {
			isa = XCBuildConfiguration;
			baseConfigurationReference = 1D52DBDD22844917AFA0C8BB /* Pods.xcconfig */;
			buildSettings = {
				GCC_PRECOMPILE_PREFIX_HEADER = YES;
				GCC_PREFIX_HEADER = "Beacons/Beacons-Prefix.pch";
				INFOPLIST_FILE = "Beacons/Beacons-Info.plist";
				PRODUCT_NAME = "$(TARGET_NAME)";
				WRAPPER_EXTENSION = app;
			};
			name = Debug;
		};
		963399751758512100AF9D89 /* Release */ = {
			isa = XCBuildConfiguration;
			baseConfigurationReference = 1D52DBDD22844917AFA0C8BB /* Pods.xcconfig */;
			buildSettings = {
				GCC_PRECOMPILE_PREFIX_HEADER = YES;
				GCC_PREFIX_HEADER = "Beacons/Beacons-Prefix.pch";
				INFOPLIST_FILE = "Beacons/Beacons-Info.plist";
				PRODUCT_NAME = "$(TARGET_NAME)";
				WRAPPER_EXTENSION = app;
			};
			name = Release;
		};
		963399771758512100AF9D89 /* Debug */ = {
			isa = XCBuildConfiguration;
			buildSettings = {
				BUNDLE_LOADER = "$(BUILT_PRODUCTS_DIR)/Beacons.app/Beacons";
				FRAMEWORK_SEARCH_PATHS = (
					"\"$(SDKROOT)/Developer/Library/Frameworks\"",
					"\"$(DEVELOPER_LIBRARY_DIR)/Frameworks\"",
				);
				GCC_PRECOMPILE_PREFIX_HEADER = YES;
				GCC_PREFIX_HEADER = "Beacons/Beacons-Prefix.pch";
				INFOPLIST_FILE = "BeaconsTests/BeaconsTests-Info.plist";
				PRODUCT_NAME = "$(TARGET_NAME)";
				TEST_HOST = "$(BUNDLE_LOADER)";
				WRAPPER_EXTENSION = octest;
			};
			name = Debug;
		};
		963399781758512100AF9D89 /* Release */ = {
			isa = XCBuildConfiguration;
			buildSettings = {
				BUNDLE_LOADER = "$(BUILT_PRODUCTS_DIR)/Beacons.app/Beacons";
				FRAMEWORK_SEARCH_PATHS = (
					"\"$(SDKROOT)/Developer/Library/Frameworks\"",
					"\"$(DEVELOPER_LIBRARY_DIR)/Frameworks\"",
				);
				GCC_PRECOMPILE_PREFIX_HEADER = YES;
				GCC_PREFIX_HEADER = "Beacons/Beacons-Prefix.pch";
				INFOPLIST_FILE = "BeaconsTests/BeaconsTests-Info.plist";
				PRODUCT_NAME = "$(TARGET_NAME)";
				TEST_HOST = "$(BUNDLE_LOADER)";
				WRAPPER_EXTENSION = octest;
			};
			name = Release;
		};
/* End XCBuildConfiguration section */

/* Begin XCConfigurationList section */
		963399331758512100AF9D89 /* Build configuration list for PBXProject "Beacons" */ = {
			isa = XCConfigurationList;
			buildConfigurations = (
				963399711758512100AF9D89 /* Debug */,
				963399721758512100AF9D89 /* Release */,
			);
			defaultConfigurationIsVisible = 0;
			defaultConfigurationName = Release;
		};
		963399731758512100AF9D89 /* Build configuration list for PBXNativeTarget "Beacons" */ = {
			isa = XCConfigurationList;
			buildConfigurations = (
				963399741758512100AF9D89 /* Debug */,
				963399751758512100AF9D89 /* Release */,
			);
			defaultConfigurationIsVisible = 0;
			defaultConfigurationName = Release;
		};
		963399761758512100AF9D89 /* Build configuration list for PBXNativeTarget "BeaconsTests" */ = {
			isa = XCConfigurationList;
			buildConfigurations = (
				963399771758512100AF9D89 /* Debug */,
				963399781758512100AF9D89 /* Release */,
			);
			defaultConfigurationIsVisible = 0;
			defaultConfigurationName = Release;
		};
/* End XCConfigurationList section */
	};
	rootObject = 963399301758512100AF9D89 /* Project object */;
}
