// !$*UTF8*$!
{
	archiveVersion = 1;
	classes = {
	};
	objectVersion = 46;
	objects = {

/* Begin PBXBuildFile section */
		1F1E7809176E91F400F0E853 /* attendingButton@2x.png in Resources */ = {isa = PBXBuildFile; fileRef = 1F1E7808176E91F400F0E853 /* attendingButton@2x.png */; };
		1F1E780B176E91F900F0E853 /* invitedButton@2x.png in Resources */ = {isa = PBXBuildFile; fileRef = 1F1E780A176E91F800F0E853 /* invitedButton@2x.png */; };
		1F36E85417A60F1000D12CB8 /* orangeNav@2x.png in Resources */ = {isa = PBXBuildFile; fileRef = 1F36E85317A60F1000D12CB8 /* orangeNav@2x.png */; };
		1F36E85617A6170F00D12CB8 /* backArrow@2x.png in Resources */ = {isa = PBXBuildFile; fileRef = 1F36E85517A6170F00D12CB8 /* backArrow@2x.png */; };
		1F3DD746175D9AC5007A7AD6 /* RegistrationViewController.m in Sources */ = {isa = PBXBuildFile; fileRef = 1F3DD744175D9AC5007A7AD6 /* RegistrationViewController.m */; };
		1F3DD747175D9AC5007A7AD6 /* RegistrationViewController.xib in Resources */ = {isa = PBXBuildFile; fileRef = 1F3DD745175D9AC5007A7AD6 /* RegistrationViewController.xib */; };
		1F3EF24817979FD9005240E3 /* PushNotificationManager.m in Sources */ = {isa = PBXBuildFile; fileRef = 1F3EF24717979FD9005240E3 /* PushNotificationManager.m */; };
		1F465C0317617E3F00F35A8B /* CreateBeaconViewController.m in Sources */ = {isa = PBXBuildFile; fileRef = 1F465C0117617E3F00F35A8B /* CreateBeaconViewController.m */; };
		1F465C0417617E3F00F35A8B /* CreateBeaconViewController.xib in Resources */ = {isa = PBXBuildFile; fileRef = 1F465C0217617E3F00F35A8B /* CreateBeaconViewController.xib */; };
		1F465C0A17618B9200F35A8B /* SelectLocationViewController.m in Sources */ = {isa = PBXBuildFile; fileRef = 1F465C0817618B9200F35A8B /* SelectLocationViewController.m */; };
		1F465C0B17618B9200F35A8B /* SelectLocationViewController.xib in Resources */ = {isa = PBXBuildFile; fileRef = 1F465C0917618B9200F35A8B /* SelectLocationViewController.xib */; };
		1F465C161763BD6900F35A8B /* messageButton@2x.png in Resources */ = {isa = PBXBuildFile; fileRef = 1F465C131763BD6800F35A8B /* messageButton@2x.png */; };
		1F465C171763BD6900F35A8B /* getDirectionButton@2x.png in Resources */ = {isa = PBXBuildFile; fileRef = 1F465C141763BD6900F35A8B /* getDirectionButton@2x.png */; };
		1F465C181763BD6900F35A8B /* groupMessageButton@2x.png in Resources */ = {isa = PBXBuildFile; fileRef = 1F465C151763BD6900F35A8B /* groupMessageButton@2x.png */; };
		1F465C1B1763C96E00F35A8B /* BeaconUserCell.m in Sources */ = {isa = PBXBuildFile; fileRef = 1F465C1A1763C96D00F35A8B /* BeaconUserCell.m */; };
		1F465C1D1763CF0900F35A8B /* addFriendButton@2x.png in Resources */ = {isa = PBXBuildFile; fileRef = 1F465C1C1763CF0900F35A8B /* addFriendButton@2x.png */; };
		1F465C201763E2EE00F35A8B /* FourSquareAPIClient.m in Sources */ = {isa = PBXBuildFile; fileRef = 1F465C1F1763E2EE00F35A8B /* FourSquareAPIClient.m */; };
		1F465C231763F97D00F35A8B /* Venue.m in Sources */ = {isa = PBXBuildFile; fileRef = 1F465C221763F97D00F35A8B /* Venue.m */; };
		1F465C251764252200F35A8B /* menuAddFriend@2x.png in Resources */ = {isa = PBXBuildFile; fileRef = 1F465C241764252200F35A8B /* menuAddFriend@2x.png */; };
		1F465C281764FB7600F35A8B /* FindFriendsViewController.m in Sources */ = {isa = PBXBuildFile; fileRef = 1F465C271764FB7600F35A8B /* FindFriendsViewController.m */; };
		1F465C2B176510EB00F35A8B /* Contact.m in Sources */ = {isa = PBXBuildFile; fileRef = 1F465C2A176510EB00F35A8B /* Contact.m */; };
		1F465C2E1765183C00F35A8B /* addFriendNormal@2x.png in Resources */ = {isa = PBXBuildFile; fileRef = 1F465C2C1765183C00F35A8B /* addFriendNormal@2x.png */; };
		1F465C2F1765183C00F35A8B /* addFriendSelected@2x.png in Resources */ = {isa = PBXBuildFile; fileRef = 1F465C2D1765183C00F35A8B /* addFriendSelected@2x.png */; };
		1F49B836177BFB2200117857 /* Icon.png in Resources */ = {isa = PBXBuildFile; fileRef = 1F49B835177BFB2200117857 /* Icon.png */; };
		1F49B838177BFD7C00117857 /* Icon-72@2x.png in Resources */ = {isa = PBXBuildFile; fileRef = 1F49B837177BFD7C00117857 /* Icon-72@2x.png */; };
		1F49B83A177BFD8000117857 /* Icon-72.png in Resources */ = {isa = PBXBuildFile; fileRef = 1F49B839177BFD8000117857 /* Icon-72.png */; };
		1F49B83C1782A1FC00117857 /* menuAdd@2x.png in Resources */ = {isa = PBXBuildFile; fileRef = 1F49B83B1782A1FC00117857 /* menuAdd@2x.png */; };
		1F4D658B17653C9D00D02369 /* MessageUI.framework in Frameworks */ = {isa = PBXBuildFile; fileRef = 1F4D658A17653C9D00D02369 /* MessageUI.framework */; };
		1F526389175C492800DD26E1 /* BeaconAnnotationView.m in Sources */ = {isa = PBXBuildFile; fileRef = 1F526386175C492800DD26E1 /* BeaconAnnotationView.m */; };
		1F52638A175C492800DD26E1 /* BeaconCell.m in Sources */ = {isa = PBXBuildFile; fileRef = 1F526388175C492800DD26E1 /* BeaconCell.m */; };
		1F52638D175C496900DD26E1 /* LocationTracker.m in Sources */ = {isa = PBXBuildFile; fileRef = 1F52638C175C496900DD26E1 /* LocationTracker.m */; };
		1F5D4BB117767E9600A1A66E /* NSDate+FormattedDate.m in Sources */ = {isa = PBXBuildFile; fileRef = 1F5D4BB017767E9600A1A66E /* NSDate+FormattedDate.m */; };
		1F7743DA17716C1100188500 /* blueButton@2x.png in Resources */ = {isa = PBXBuildFile; fileRef = 1F7743D917716C1000188500 /* blueButton@2x.png */; };
		1F7E19F9177BF313005E9BA1 /* WebViewController.m in Sources */ = {isa = PBXBuildFile; fileRef = 1F7E19F8177BF313005E9BA1 /* WebViewController.m */; };
		1F8E3AFD179F8849001B8BE0 /* CrashManager.m in Sources */ = {isa = PBXBuildFile; fileRef = 1F8E3AFC179F8849001B8BE0 /* CrashManager.m */; };
		1F9CEB3B176D081500529037 /* ActivationViewController.m in Sources */ = {isa = PBXBuildFile; fileRef = 1F9CEB39176D081500529037 /* ActivationViewController.m */; };
		1F9CEB3C176D081500529037 /* ActivationViewController.xib in Resources */ = {isa = PBXBuildFile; fileRef = 1F9CEB3A176D081500529037 /* ActivationViewController.xib */; };
		1F9CEB3F176D1F2C00529037 /* ContactManager.m in Sources */ = {isa = PBXBuildFile; fileRef = 1F9CEB3E176D1F2C00529037 /* ContactManager.m */; };
		1F9CEB41176D7AF300529037 /* infoButton@2x.png in Resources */ = {isa = PBXBuildFile; fileRef = 1F9CEB40176D7AF300529037 /* infoButton@2x.png */; };
		1FA0AD71175EE7EC004F2168 /* SignInViewController.m in Sources */ = {isa = PBXBuildFile; fileRef = 1FA0AD6F175EE7EC004F2168 /* SignInViewController.m */; };
		1FA0AD72175EE7EC004F2168 /* SignInViewController.xib in Resources */ = {isa = PBXBuildFile; fileRef = 1FA0AD70175EE7EC004F2168 /* SignInViewController.xib */; };
		1FA2D50A1765398C00AB657F /* TextMessageManager.m in Sources */ = {isa = PBXBuildFile; fileRef = 1FA2D5091765398C00AB657F /* TextMessageManager.m */; };
		1FB74EE917764F7C00F0F385 /* UIColor+UnnormalizedColor.m in Sources */ = {isa = PBXBuildFile; fileRef = 1FB74EE817764F7C00F0F385 /* UIColor+UnnormalizedColor.m */; };
		1FD65827175871670007455B /* AddressBook.framework in Frameworks */ = {isa = PBXBuildFile; fileRef = 1FD65825175871670007455B /* AddressBook.framework */; };
		1FD65828175871670007455B /* AddressBookUI.framework in Frameworks */ = {isa = PBXBuildFile; fileRef = 1FD65826175871670007455B /* AddressBookUI.framework */; };
		1FD6582C175878610007455B /* APIClient.m in Sources */ = {isa = PBXBuildFile; fileRef = 1FD6582B175878610007455B /* APIClient.m */; };
		1FE443ED177ABCAE00469634 /* SettingsViewController.m in Sources */ = {isa = PBXBuildFile; fileRef = 1FE443EC177ABCAE00469634 /* SettingsViewController.m */; };
		1FE649F317659E2F0073D321 /* beaconLogoLarge@2x.png in Resources */ = {isa = PBXBuildFile; fileRef = 1FE649F217659E2F0073D321 /* beaconLogoLarge@2x.png */; };
		1FE67713175C08C4006F563C /* CoreLocation.framework in Frameworks */ = {isa = PBXBuildFile; fileRef = 1FE67712175C08C4006F563C /* CoreLocation.framework */; };
		1FE67716175C0EA0006F563C /* BeaconAnnotation.m in Sources */ = {isa = PBXBuildFile; fileRef = 1FE67715175C0EA0006F563C /* BeaconAnnotation.m */; };
		1FE6771D175C16E9006F563C /* beaconAnnotation@2x.png in Resources */ = {isa = PBXBuildFile; fileRef = 1FE6771C175C16E9006F563C /* beaconAnnotation@2x.png */; };
		1FE67728175C25DC006F563C /* menuSettings@2x.png in Resources */ = {isa = PBXBuildFile; fileRef = 1FE67727175C25DC006F563C /* menuSettings@2x.png */; };
		1FE6772A175C2CE2006F563C /* menuLogout@2x.png in Resources */ = {isa = PBXBuildFile; fileRef = 1FE67729175C2CE2006F563C /* menuLogout@2x.png */; };
		1FE67730175C3496006F563C /* hairlineSeparator@2x.png in Resources */ = {isa = PBXBuildFile; fileRef = 1FE6772F175C3496006F563C /* hairlineSeparator@2x.png */; };
		1FE67733175C3C9F006F563C /* Lato-Bold.ttf in Resources */ = {isa = PBXBuildFile; fileRef = 1FE67732175C3C9F006F563C /* Lato-Bold.ttf */; };
		1FE67735175C3CB5006F563C /* Lato-Regular.ttf in Resources */ = {isa = PBXBuildFile; fileRef = 1FE67734175C3CB5006F563C /* Lato-Regular.ttf */; };
		1FE67737175C3F0D006F563C /* menuBeacons@2x.png in Resources */ = {isa = PBXBuildFile; fileRef = 1FE67736175C3F0D006F563C /* menuBeacons@2x.png */; };
		1FEAEE0117701C9B0090A7C2 /* LoadingIndictor.m in Sources */ = {isa = PBXBuildFile; fileRef = 1FEAEE0017701C9B0090A7C2 /* LoadingIndictor.m */; };
		1FEAEE0417702AD00090A7C2 /* AnalyticsManager.m in Sources */ = {isa = PBXBuildFile; fileRef = 1FEAEE0317702AD00090A7C2 /* AnalyticsManager.m */; };
		1FEEFF12175EFF070091AD01 /* Utilities.m in Sources */ = {isa = PBXBuildFile; fileRef = 1FEEFF11175EFF070091AD01 /* Utilities.m */; };
		9615F4E3175BEBC6005CF62D /* Beacon.m in Sources */ = {isa = PBXBuildFile; fileRef = 9615F4E2175BEBC6005CF62D /* Beacon.m */; };
		9615F4E7175BEBE6005CF62D /* User.m in Sources */ = {isa = PBXBuildFile; fileRef = 9615F4E6175BEBE6005CF62D /* User.m */; };
		9633993C1758512100AF9D89 /* UIKit.framework in Frameworks */ = {isa = PBXBuildFile; fileRef = 9633993B1758512100AF9D89 /* UIKit.framework */; };
		9633993E1758512100AF9D89 /* Foundation.framework in Frameworks */ = {isa = PBXBuildFile; fileRef = 9633993D1758512100AF9D89 /* Foundation.framework */; };
		963399401758512100AF9D89 /* CoreGraphics.framework in Frameworks */ = {isa = PBXBuildFile; fileRef = 9633993F1758512100AF9D89 /* CoreGraphics.framework */; };
		963399461758512100AF9D89 /* InfoPlist.strings in Resources */ = {isa = PBXBuildFile; fileRef = 963399441758512100AF9D89 /* InfoPlist.strings */; };
		963399481758512100AF9D89 /* main.m in Sources */ = {isa = PBXBuildFile; fileRef = 963399471758512100AF9D89 /* main.m */; };
		9633994C1758512100AF9D89 /* AppDelegate.m in Sources */ = {isa = PBXBuildFile; fileRef = 9633994B1758512100AF9D89 /* AppDelegate.m */; };
		9633994E1758512100AF9D89 /* Default.png in Resources */ = {isa = PBXBuildFile; fileRef = 9633994D1758512100AF9D89 /* Default.png */; };
		963399631758512100AF9D89 /* SenTestingKit.framework in Frameworks */ = {isa = PBXBuildFile; fileRef = 963399621758512100AF9D89 /* SenTestingKit.framework */; };
		963399641758512100AF9D89 /* UIKit.framework in Frameworks */ = {isa = PBXBuildFile; fileRef = 9633993B1758512100AF9D89 /* UIKit.framework */; };
		963399651758512100AF9D89 /* Foundation.framework in Frameworks */ = {isa = PBXBuildFile; fileRef = 9633993D1758512100AF9D89 /* Foundation.framework */; };
		9633996D1758512100AF9D89 /* InfoPlist.strings in Resources */ = {isa = PBXBuildFile; fileRef = 9633996B1758512100AF9D89 /* InfoPlist.strings */; };
		963399701758512100AF9D89 /* BeaconsTests.m in Sources */ = {isa = PBXBuildFile; fileRef = 9633996F1758512100AF9D89 /* BeaconsTests.m */; };
		9647102C17DEE81900878C19 /* hotspotLogoNav@2x.png in Resources */ = {isa = PBXBuildFile; fileRef = 9647102B17DEE81900878C19 /* hotspotLogoNav@2x.png */; };
		9647102E17DEEB5700878C19 /* plus@2x.png in Resources */ = {isa = PBXBuildFile; fileRef = 9647102D17DEEB5700878C19 /* plus@2x.png */; };
		9647103017DEED5F00878C19 /* bubbleLeft@2x.png in Resources */ = {isa = PBXBuildFile; fileRef = 9647102F17DEED5F00878C19 /* bubbleLeft@2x.png */; };
		9647103217DEFBC200878C19 /* bubbleRight@2x.png in Resources */ = {isa = PBXBuildFile; fileRef = 9647103117DEFBC200878C19 /* bubbleRight@2x.png */; };
		966070E2175AC989007379A0 /* LineLayout.m in Sources */ = {isa = PBXBuildFile; fileRef = 966070E1175AC989007379A0 /* LineLayout.m */; };
		966AC11D17CADBFA0093BB69 /* BeaconManager.m in Sources */ = {isa = PBXBuildFile; fileRef = 966AC11C17CADBFA0093BB69 /* BeaconManager.m */; };
		966F270717E174CF000B4B8C /* libPods.a in Frameworks */ = {isa = PBXBuildFile; fileRef = 966F270617E174CF000B4B8C /* libPods.a */; };
		96859CEB17EF9C8800C1C467 /* SoundPlayer.m in Sources */ = {isa = PBXBuildFile; fileRef = 96859CEA17EF9C8800C1C467 /* SoundPlayer.m */; };
		96859CED17EF9FA800C1C467 /* AudioToolbox.framework in Frameworks */ = {isa = PBXBuildFile; fileRef = 96859CEC17EF9FA800C1C467 /* AudioToolbox.framework */; };
		96859CF017EFA7BD00C1C467 /* Default@2x.png in Resources */ = {isa = PBXBuildFile; fileRef = 96859CEE17EFA7BD00C1C467 /* Default@2x.png */; };
		96859CF117EFA7BD00C1C467 /* Default-568h@2x.png in Resources */ = {isa = PBXBuildFile; fileRef = 96859CEF17EFA7BD00C1C467 /* Default-568h@2x.png */; };
		96859CF417EFC3C600C1C467 /* FormView.m in Sources */ = {isa = PBXBuildFile; fileRef = 96859CF317EFC3C600C1C467 /* FormView.m */; };
		96859CF717EFC89800C1C467 /* RegisterViewController.m in Sources */ = {isa = PBXBuildFile; fileRef = 96859CF617EFC89800C1C467 /* RegisterViewController.m */; };
		96859CFA17EFD2E600C1C467 /* UIView+Alignment.m in Sources */ = {isa = PBXBuildFile; fileRef = 96859CF917EFD2E600C1C467 /* UIView+Alignment.m */; };
		96859D0017EFD5D600C1C467 /* InsetTextField.m in Sources */ = {isa = PBXBuildFile; fileRef = 96859CFF17EFD5D600C1C467 /* InsetTextField.m */; };
		96859D0217EFD77B00C1C467 /* orangeBackground@2x.png in Resources */ = {isa = PBXBuildFile; fileRef = 96859D0117EFD77B00C1C467 /* orangeBackground@2x.png */; };
		96859D0517F3F00B00C1C467 /* KenBurnsView.m in Sources */ = {isa = PBXBuildFile; fileRef = 96859D0417F3F00B00C1C467 /* KenBurnsView.m */; };
		96859D0E17F4048300C1C467 /* JAGrandCentralDispatch.m in Sources */ = {isa = PBXBuildFile; fileRef = 96859D0D17F4048300C1C467 /* JAGrandCentralDispatch.m */; };
		968CDA8C17F78ED600D64441 /* SetBeaconViewController.m in Sources */ = {isa = PBXBuildFile; fileRef = 968CDA8B17F78ED600D64441 /* SetBeaconViewController.m */; };
		968CDA8F17F79CEB00D64441 /* JADatePicker.m in Sources */ = {isa = PBXBuildFile; fileRef = 968CDA8E17F79CEB00D64441 /* JADatePicker.m */; };
		9691D25F17F8BD0D0095BA80 /* JAPlaceholderTextView.m in Sources */ = {isa = PBXBuildFile; fileRef = 9691D25E17F8BD0D0095BA80 /* JAPlaceholderTextView.m */; };
		9691D26217FA93A50095BA80 /* chatButtonNormal@2x.png in Resources */ = {isa = PBXBuildFile; fileRef = 9691D26017FA93A50095BA80 /* chatButtonNormal@2x.png */; };
		9691D26317FA93A50095BA80 /* chatButtonSelected@2x.png in Resources */ = {isa = PBXBuildFile; fileRef = 9691D26117FA93A50095BA80 /* chatButtonSelected@2x.png */; };
		9691D26617FA94AB0095BA80 /* invitedButtonNormal@2x.png in Resources */ = {isa = PBXBuildFile; fileRef = 9691D26417FA94AB0095BA80 /* invitedButtonNormal@2x.png */; };
		9691D26717FA94AB0095BA80 /* invitedButtonSelected@2x.png in Resources */ = {isa = PBXBuildFile; fileRef = 9691D26517FA94AB0095BA80 /* invitedButtonSelected@2x.png */; };
		96956447175852990081B349 /* LoginViewController.m in Sources */ = {isa = PBXBuildFile; fileRef = 96956445175852990081B349 /* LoginViewController.m */; };
		96956448175852990081B349 /* LoginViewController.xib in Resources */ = {isa = PBXBuildFile; fileRef = 96956446175852990081B349 /* LoginViewController.xib */; };
		9695644B175862790081B349 /* CenterNavigationController.m in Sources */ = {isa = PBXBuildFile; fileRef = 9695644A175862790081B349 /* CenterNavigationController.m */; };
		9695644F1758642B0081B349 /* MapViewController.m in Sources */ = {isa = PBXBuildFile; fileRef = 9695644D1758642B0081B349 /* MapViewController.m */; };
		969564501758642B0081B349 /* MapViewController.xib in Resources */ = {isa = PBXBuildFile; fileRef = 9695644E1758642B0081B349 /* MapViewController.xib */; };
		96956452175866920081B349 /* MapKit.framework in Frameworks */ = {isa = PBXBuildFile; fileRef = 96956451175866920081B349 /* MapKit.framework */; };
		969564551758691B0081B349 /* MenuViewController.m in Sources */ = {isa = PBXBuildFile; fileRef = 969564541758691B0081B349 /* MenuViewController.m */; };
		969C44DD17E1436B0083E6A4 /* Icon@2x.png in Resources */ = {isa = PBXBuildFile; fileRef = 969C44DC17E1436B0083E6A4 /* Icon@2x.png */; };
		969D648817E95F9300F5AB36 /* beaconCellBackgroundYellow@2x.png in Resources */ = {isa = PBXBuildFile; fileRef = 969D648217E95F9300F5AB36 /* beaconCellBackgroundYellow@2x.png */; };
		969D648917E95F9300F5AB36 /* beaconCellBackgroundGreen@2x.png in Resources */ = {isa = PBXBuildFile; fileRef = 969D648317E95F9300F5AB36 /* beaconCellBackgroundGreen@2x.png */; };
		969D648A17E95F9300F5AB36 /* beaconCellBackgroundOrange@2x.png in Resources */ = {isa = PBXBuildFile; fileRef = 969D648417E95F9300F5AB36 /* beaconCellBackgroundOrange@2x.png */; };
		969D648B17E95F9300F5AB36 /* beaconCellBackgroundPurple@2x.png in Resources */ = {isa = PBXBuildFile; fileRef = 969D648517E95F9300F5AB36 /* beaconCellBackgroundPurple@2x.png */; };
		969D648D17E9681500F5AB36 /* beaconCellBackgroundPink@2x.png in Resources */ = {isa = PBXBuildFile; fileRef = 969D648C17E9681500F5AB36 /* beaconCellBackgroundPink@2x.png */; };
		969D649117E96A3600F5AB36 /* beaconCellBackgroundBlue@2x.png in Resources */ = {isa = PBXBuildFile; fileRef = 969D649017E96A3600F5AB36 /* beaconCellBackgroundBlue@2x.png */; };
		969D649317E96ABE00F5AB36 /* beaconCellImageMask@2x.png in Resources */ = {isa = PBXBuildFile; fileRef = 969D649217E96ABE00F5AB36 /* beaconCellImageMask@2x.png */; };
		969D649617E96E1B00F5AB36 /* UIImage+Resize.m in Sources */ = {isa = PBXBuildFile; fileRef = 969D649517E96E1B00F5AB36 /* UIImage+Resize.m */; };
		969D649917EF85F200F5AB36 /* ImageViewController.m in Sources */ = {isa = PBXBuildFile; fileRef = 969D649817EF85F200F5AB36 /* ImageViewController.m */; };
		96A9871717E2C7D3007D77B8 /* BeaconProfileViewController.m in Sources */ = {isa = PBXBuildFile; fileRef = 96A9871617E2C7D3007D77B8 /* BeaconProfileViewController.m */; };
		96A9871917E4FB40007D77B8 /* beaconImageTest@2x.png in Resources */ = {isa = PBXBuildFile; fileRef = 96A9871817E4FB40007D77B8 /* beaconImageTest@2x.png */; };
		96A9871B17E50C9D007D77B8 /* backgroundGradient@2x.png in Resources */ = {isa = PBXBuildFile; fileRef = 96A9871A17E50C9D007D77B8 /* backgroundGradient@2x.png */; };
		96A9871E17E51753007D77B8 /* InviteListViewController.m in Sources */ = {isa = PBXBuildFile; fileRef = 96A9871D17E51753007D77B8 /* InviteListViewController.m */; };
		96A9872117E517FB007D77B8 /* BeaconStatus.m in Sources */ = {isa = PBXBuildFile; fileRef = 96A9872017E517FB007D77B8 /* BeaconStatus.m */; };
		96A9872D17E6633A007D77B8 /* cameraLarge@2x.png in Resources */ = {isa = PBXBuildFile; fileRef = 96A9872C17E6633A007D77B8 /* cameraLarge@2x.png */; };
		96A9873017E68C44007D77B8 /* PhotoManager.m in Sources */ = {isa = PBXBuildFile; fileRef = 96A9872F17E68C44007D77B8 /* PhotoManager.m */; };
		96A9873517E6A6C6007D77B8 /* BeaconImage.m in Sources */ = {isa = PBXBuildFile; fileRef = 96A9873417E6A6C6007D77B8 /* BeaconImage.m */; };
		96ACEC0417E038A9004B30B1 /* BeaconChatViewController.m in Sources */ = {isa = PBXBuildFile; fileRef = 96ACEC0317E038A9004B30B1 /* BeaconChatViewController.m */; };
		96AE3B071788EEDD00FDDBFE /* beaconAnnotationActive@2x.png in Resources */ = {isa = PBXBuildFile; fileRef = 96AE3B061788EEDD00FDDBFE /* beaconAnnotationActive@2x.png */; };
		96C5F20B17DEE39000B48EE2 /* navBar@2x.png in Resources */ = {isa = PBXBuildFile; fileRef = 96C5F20A17DEE39000B48EE2 /* navBar@2x.png */; };
		96C87C7D175A9A44006EA3A3 /* loginBackground-568h@2x.png in Resources */ = {isa = PBXBuildFile; fileRef = 96C87C7B175A9A44006EA3A3 /* loginBackground-568h@2x.png */; };
		96C87C7E175A9A44006EA3A3 /* loginBackground@2x.png in Resources */ = {isa = PBXBuildFile; fileRef = 96C87C7C175A9A44006EA3A3 /* loginBackground@2x.png */; };
		96C87C80175A9C12006EA3A3 /* orangeButton@2x.png in Resources */ = {isa = PBXBuildFile; fileRef = 96C87C7F175A9C12006EA3A3 /* orangeButton@2x.png */; };
		96C87C82175AA423006EA3A3 /* menuBackground@2x.png in Resources */ = {isa = PBXBuildFile; fileRef = 96C87C81175AA423006EA3A3 /* menuBackground@2x.png */; };
		96C87C8A175AB97F006EA3A3 /* DefaultTheme.m in Sources */ = {isa = PBXBuildFile; fileRef = 96C87C87175AB97F006EA3A3 /* DefaultTheme.m */; };
		96C87C8B175AB97F006EA3A3 /* Theme.m in Sources */ = {isa = PBXBuildFile; fileRef = 96C87C89175AB97F006EA3A3 /* Theme.m */; };
		96C87C91175ABC94006EA3A3 /* menuButton@2x.png in Resources */ = {isa = PBXBuildFile; fileRef = 96C87C90175ABC94006EA3A3 /* menuButton@2x.png */; };
		96D1D0D717E818A90033396F /* cameraSmall@2x.png in Resources */ = {isa = PBXBuildFile; fileRef = 96D1D0D617E818A90033396F /* cameraSmall@2x.png */; };
		96F14C1C17D8499B0093C976 /* ChatViewController.m in Sources */ = {isa = PBXBuildFile; fileRef = 96F14C1B17D8499B0093C976 /* ChatViewController.m */; };
		96F14C1F17D84A890093C976 /* ChatTest.m in Sources */ = {isa = PBXBuildFile; fileRef = 96F14C1E17D84A890093C976 /* ChatTest.m */; };
		96F14C2317D84AF40093C976 /* ChatMessage.m in Sources */ = {isa = PBXBuildFile; fileRef = 96F14C2217D84AF40093C976 /* ChatMessage.m */; };
		96F14C2617D84F0D0093C976 /* ChatTableViewCell.m in Sources */ = {isa = PBXBuildFile; fileRef = 96F14C2517D84F0D0093C976 /* ChatTableViewCell.m */; };
		96FA824717E2C2B30095AF22 /* BeaconDetailViewController.m in Sources */ = {isa = PBXBuildFile; fileRef = 96FA824617E2C2B30095AF22 /* BeaconDetailViewController.m */; };
/* End PBXBuildFile section */

/* Begin PBXContainerItemProxy section */
		963399661758512100AF9D89 /* PBXContainerItemProxy */ = {
			isa = PBXContainerItemProxy;
			containerPortal = 963399301758512100AF9D89 /* Project object */;
			proxyType = 1;
			remoteGlobalIDString = 963399371758512100AF9D89;
			remoteInfo = Beacons;
		};
/* End PBXContainerItemProxy section */

/* Begin PBXFileReference section */
		1D52DBDD22844917AFA0C8BB /* Pods.xcconfig */ = {isa = PBXFileReference; includeInIndex = 1; lastKnownFileType = text.xcconfig; name = Pods.xcconfig; path = Pods/Pods.xcconfig; sourceTree = SOURCE_ROOT; };
		1F1E7808176E91F400F0E853 /* attendingButton@2x.png */ = {isa = PBXFileReference; lastKnownFileType = image.png; path = "attendingButton@2x.png"; sourceTree = "<group>"; };
		1F1E780A176E91F800F0E853 /* invitedButton@2x.png */ = {isa = PBXFileReference; lastKnownFileType = image.png; path = "invitedButton@2x.png"; sourceTree = "<group>"; };
		1F36E85317A60F1000D12CB8 /* orangeNav@2x.png */ = {isa = PBXFileReference; lastKnownFileType = image.png; path = "orangeNav@2x.png"; sourceTree = "<group>"; };
		1F36E85517A6170F00D12CB8 /* backArrow@2x.png */ = {isa = PBXFileReference; lastKnownFileType = image.png; path = "backArrow@2x.png"; sourceTree = "<group>"; };
		1F3DD743175D9AC5007A7AD6 /* RegistrationViewController.h */ = {isa = PBXFileReference; fileEncoding = 4; lastKnownFileType = sourcecode.c.h; name = RegistrationViewController.h; path = ../RegistrationViewController.h; sourceTree = "<group>"; };
		1F3DD744175D9AC5007A7AD6 /* RegistrationViewController.m */ = {isa = PBXFileReference; fileEncoding = 4; lastKnownFileType = sourcecode.c.objc; name = RegistrationViewController.m; path = ../RegistrationViewController.m; sourceTree = "<group>"; };
		1F3DD745175D9AC5007A7AD6 /* RegistrationViewController.xib */ = {isa = PBXFileReference; fileEncoding = 4; lastKnownFileType = file.xib; name = RegistrationViewController.xib; path = ../RegistrationViewController.xib; sourceTree = "<group>"; };
		1F3EF24617979FD9005240E3 /* PushNotificationManager.h */ = {isa = PBXFileReference; fileEncoding = 4; lastKnownFileType = sourcecode.c.h; path = PushNotificationManager.h; sourceTree = "<group>"; };
		1F3EF24717979FD9005240E3 /* PushNotificationManager.m */ = {isa = PBXFileReference; fileEncoding = 4; lastKnownFileType = sourcecode.c.objc; path = PushNotificationManager.m; sourceTree = "<group>"; };
		1F465C0017617E3F00F35A8B /* CreateBeaconViewController.h */ = {isa = PBXFileReference; fileEncoding = 4; lastKnownFileType = sourcecode.c.h; name = CreateBeaconViewController.h; path = ../CreateBeaconViewController.h; sourceTree = "<group>"; };
		1F465C0117617E3F00F35A8B /* CreateBeaconViewController.m */ = {isa = PBXFileReference; fileEncoding = 4; lastKnownFileType = sourcecode.c.objc; name = CreateBeaconViewController.m; path = ../CreateBeaconViewController.m; sourceTree = "<group>"; };
		1F465C0217617E3F00F35A8B /* CreateBeaconViewController.xib */ = {isa = PBXFileReference; fileEncoding = 4; lastKnownFileType = file.xib; name = CreateBeaconViewController.xib; path = ../CreateBeaconViewController.xib; sourceTree = "<group>"; };
		1F465C0717618B9200F35A8B /* SelectLocationViewController.h */ = {isa = PBXFileReference; fileEncoding = 4; lastKnownFileType = sourcecode.c.h; name = SelectLocationViewController.h; path = ../SelectLocationViewController.h; sourceTree = "<group>"; };
		1F465C0817618B9200F35A8B /* SelectLocationViewController.m */ = {isa = PBXFileReference; fileEncoding = 4; lastKnownFileType = sourcecode.c.objc; name = SelectLocationViewController.m; path = ../SelectLocationViewController.m; sourceTree = "<group>"; };
		1F465C0917618B9200F35A8B /* SelectLocationViewController.xib */ = {isa = PBXFileReference; fileEncoding = 4; lastKnownFileType = file.xib; name = SelectLocationViewController.xib; path = ../SelectLocationViewController.xib; sourceTree = "<group>"; };
		1F465C131763BD6800F35A8B /* messageButton@2x.png */ = {isa = PBXFileReference; lastKnownFileType = image.png; path = "messageButton@2x.png"; sourceTree = "<group>"; };
		1F465C141763BD6900F35A8B /* getDirectionButton@2x.png */ = {isa = PBXFileReference; lastKnownFileType = image.png; path = "getDirectionButton@2x.png"; sourceTree = "<group>"; };
		1F465C151763BD6900F35A8B /* groupMessageButton@2x.png */ = {isa = PBXFileReference; lastKnownFileType = image.png; path = "groupMessageButton@2x.png"; sourceTree = "<group>"; };
		1F465C191763C96D00F35A8B /* BeaconUserCell.h */ = {isa = PBXFileReference; fileEncoding = 4; lastKnownFileType = sourcecode.c.h; path = BeaconUserCell.h; sourceTree = "<group>"; };
		1F465C1A1763C96D00F35A8B /* BeaconUserCell.m */ = {isa = PBXFileReference; fileEncoding = 4; lastKnownFileType = sourcecode.c.objc; path = BeaconUserCell.m; sourceTree = "<group>"; };
		1F465C1C1763CF0900F35A8B /* addFriendButton@2x.png */ = {isa = PBXFileReference; lastKnownFileType = image.png; path = "addFriendButton@2x.png"; sourceTree = "<group>"; };
		1F465C1E1763E2EE00F35A8B /* FourSquareAPIClient.h */ = {isa = PBXFileReference; fileEncoding = 4; lastKnownFileType = sourcecode.c.h; path = FourSquareAPIClient.h; sourceTree = "<group>"; };
		1F465C1F1763E2EE00F35A8B /* FourSquareAPIClient.m */ = {isa = PBXFileReference; fileEncoding = 4; lastKnownFileType = sourcecode.c.objc; path = FourSquareAPIClient.m; sourceTree = "<group>"; };
		1F465C211763F97D00F35A8B /* Venue.h */ = {isa = PBXFileReference; fileEncoding = 4; lastKnownFileType = sourcecode.c.h; path = Venue.h; sourceTree = "<group>"; };
		1F465C221763F97D00F35A8B /* Venue.m */ = {isa = PBXFileReference; fileEncoding = 4; lastKnownFileType = sourcecode.c.objc; path = Venue.m; sourceTree = "<group>"; };
		1F465C241764252200F35A8B /* menuAddFriend@2x.png */ = {isa = PBXFileReference; lastKnownFileType = image.png; path = "menuAddFriend@2x.png"; sourceTree = "<group>"; };
		1F465C261764FB7600F35A8B /* FindFriendsViewController.h */ = {isa = PBXFileReference; fileEncoding = 4; lastKnownFileType = sourcecode.c.h; name = FindFriendsViewController.h; path = ../FindFriendsViewController.h; sourceTree = "<group>"; };
		1F465C271764FB7600F35A8B /* FindFriendsViewController.m */ = {isa = PBXFileReference; fileEncoding = 4; lastKnownFileType = sourcecode.c.objc; name = FindFriendsViewController.m; path = ../FindFriendsViewController.m; sourceTree = "<group>"; };
		1F465C29176510EB00F35A8B /* Contact.h */ = {isa = PBXFileReference; fileEncoding = 4; lastKnownFileType = sourcecode.c.h; path = Contact.h; sourceTree = "<group>"; };
		1F465C2A176510EB00F35A8B /* Contact.m */ = {isa = PBXFileReference; fileEncoding = 4; lastKnownFileType = sourcecode.c.objc; path = Contact.m; sourceTree = "<group>"; };
		1F465C2C1765183C00F35A8B /* addFriendNormal@2x.png */ = {isa = PBXFileReference; lastKnownFileType = image.png; name = "addFriendNormal@2x.png"; path = "../Networking/addFriendNormal@2x.png"; sourceTree = "<group>"; };
		1F465C2D1765183C00F35A8B /* addFriendSelected@2x.png */ = {isa = PBXFileReference; lastKnownFileType = image.png; name = "addFriendSelected@2x.png"; path = "../Networking/addFriendSelected@2x.png"; sourceTree = "<group>"; };
		1F49B835177BFB2200117857 /* Icon.png */ = {isa = PBXFileReference; lastKnownFileType = image.png; name = Icon.png; path = ../Icon.png; sourceTree = "<group>"; };
		1F49B837177BFD7C00117857 /* Icon-72@2x.png */ = {isa = PBXFileReference; lastKnownFileType = image.png; name = "Icon-72@2x.png"; path = "../../Icon-72@2x.png"; sourceTree = "<group>"; };
		1F49B839177BFD8000117857 /* Icon-72.png */ = {isa = PBXFileReference; lastKnownFileType = image.png; name = "Icon-72.png"; path = "../../Icon-72.png"; sourceTree = "<group>"; };
		1F49B83B1782A1FC00117857 /* menuAdd@2x.png */ = {isa = PBXFileReference; lastKnownFileType = image.png; path = "menuAdd@2x.png"; sourceTree = "<group>"; };
		1F4D658A17653C9D00D02369 /* MessageUI.framework */ = {isa = PBXFileReference; lastKnownFileType = wrapper.framework; name = MessageUI.framework; path = System/Library/Frameworks/MessageUI.framework; sourceTree = SDKROOT; };
		1F526385175C492800DD26E1 /* BeaconAnnotationView.h */ = {isa = PBXFileReference; fileEncoding = 4; lastKnownFileType = sourcecode.c.h; path = BeaconAnnotationView.h; sourceTree = "<group>"; };
		1F526386175C492800DD26E1 /* BeaconAnnotationView.m */ = {isa = PBXFileReference; fileEncoding = 4; lastKnownFileType = sourcecode.c.objc; path = BeaconAnnotationView.m; sourceTree = "<group>"; };
		1F526387175C492800DD26E1 /* BeaconCell.h */ = {isa = PBXFileReference; fileEncoding = 4; lastKnownFileType = sourcecode.c.h; path = BeaconCell.h; sourceTree = "<group>"; };
		1F526388175C492800DD26E1 /* BeaconCell.m */ = {isa = PBXFileReference; fileEncoding = 4; lastKnownFileType = sourcecode.c.objc; path = BeaconCell.m; sourceTree = "<group>"; };
		1F52638B175C496900DD26E1 /* LocationTracker.h */ = {isa = PBXFileReference; fileEncoding = 4; lastKnownFileType = sourcecode.c.h; path = LocationTracker.h; sourceTree = "<group>"; };
		1F52638C175C496900DD26E1 /* LocationTracker.m */ = {isa = PBXFileReference; fileEncoding = 4; lastKnownFileType = sourcecode.c.objc; path = LocationTracker.m; sourceTree = "<group>"; };
		1F5D4BAF17767E9600A1A66E /* NSDate+FormattedDate.h */ = {isa = PBXFileReference; fileEncoding = 4; lastKnownFileType = sourcecode.c.h; path = "NSDate+FormattedDate.h"; sourceTree = "<group>"; };
		1F5D4BB017767E9600A1A66E /* NSDate+FormattedDate.m */ = {isa = PBXFileReference; fileEncoding = 4; lastKnownFileType = sourcecode.c.objc; path = "NSDate+FormattedDate.m"; sourceTree = "<group>"; };
		1F7743D917716C1000188500 /* blueButton@2x.png */ = {isa = PBXFileReference; lastKnownFileType = image.png; path = "blueButton@2x.png"; sourceTree = "<group>"; };
		1F7E19F7177BF313005E9BA1 /* WebViewController.h */ = {isa = PBXFileReference; fileEncoding = 4; lastKnownFileType = sourcecode.c.h; path = WebViewController.h; sourceTree = "<group>"; };
		1F7E19F8177BF313005E9BA1 /* WebViewController.m */ = {isa = PBXFileReference; fileEncoding = 4; lastKnownFileType = sourcecode.c.objc; path = WebViewController.m; sourceTree = "<group>"; };
		1F8E3AFB179F8849001B8BE0 /* CrashManager.h */ = {isa = PBXFileReference; fileEncoding = 4; lastKnownFileType = sourcecode.c.h; path = CrashManager.h; sourceTree = "<group>"; };
		1F8E3AFC179F8849001B8BE0 /* CrashManager.m */ = {isa = PBXFileReference; fileEncoding = 4; lastKnownFileType = sourcecode.c.objc; path = CrashManager.m; sourceTree = "<group>"; };
		1F9CEB38176D081500529037 /* ActivationViewController.h */ = {isa = PBXFileReference; fileEncoding = 4; lastKnownFileType = sourcecode.c.h; path = ActivationViewController.h; sourceTree = "<group>"; };
		1F9CEB39176D081500529037 /* ActivationViewController.m */ = {isa = PBXFileReference; fileEncoding = 4; lastKnownFileType = sourcecode.c.objc; path = ActivationViewController.m; sourceTree = "<group>"; };
		1F9CEB3A176D081500529037 /* ActivationViewController.xib */ = {isa = PBXFileReference; fileEncoding = 4; lastKnownFileType = file.xib; path = ActivationViewController.xib; sourceTree = "<group>"; };
		1F9CEB3D176D1F2C00529037 /* ContactManager.h */ = {isa = PBXFileReference; fileEncoding = 4; lastKnownFileType = sourcecode.c.h; path = ContactManager.h; sourceTree = "<group>"; };
		1F9CEB3E176D1F2C00529037 /* ContactManager.m */ = {isa = PBXFileReference; fileEncoding = 4; lastKnownFileType = sourcecode.c.objc; path = ContactManager.m; sourceTree = "<group>"; };
		1F9CEB40176D7AF300529037 /* infoButton@2x.png */ = {isa = PBXFileReference; lastKnownFileType = image.png; path = "infoButton@2x.png"; sourceTree = "<group>"; };
		1FA0AD6E175EE7EC004F2168 /* SignInViewController.h */ = {isa = PBXFileReference; fileEncoding = 4; lastKnownFileType = sourcecode.c.h; path = SignInViewController.h; sourceTree = "<group>"; };
		1FA0AD6F175EE7EC004F2168 /* SignInViewController.m */ = {isa = PBXFileReference; fileEncoding = 4; lastKnownFileType = sourcecode.c.objc; path = SignInViewController.m; sourceTree = "<group>"; };
		1FA0AD70175EE7EC004F2168 /* SignInViewController.xib */ = {isa = PBXFileReference; fileEncoding = 4; lastKnownFileType = file.xib; path = SignInViewController.xib; sourceTree = "<group>"; };
		1FA2D5081765398C00AB657F /* TextMessageManager.h */ = {isa = PBXFileReference; fileEncoding = 4; lastKnownFileType = sourcecode.c.h; path = TextMessageManager.h; sourceTree = "<group>"; };
		1FA2D5091765398C00AB657F /* TextMessageManager.m */ = {isa = PBXFileReference; fileEncoding = 4; lastKnownFileType = sourcecode.c.objc; path = TextMessageManager.m; sourceTree = "<group>"; };
		1FB74EE717764F7C00F0F385 /* UIColor+UnnormalizedColor.h */ = {isa = PBXFileReference; fileEncoding = 4; lastKnownFileType = sourcecode.c.h; path = "UIColor+UnnormalizedColor.h"; sourceTree = "<group>"; };
		1FB74EE817764F7C00F0F385 /* UIColor+UnnormalizedColor.m */ = {isa = PBXFileReference; fileEncoding = 4; lastKnownFileType = sourcecode.c.objc; path = "UIColor+UnnormalizedColor.m"; sourceTree = "<group>"; };
		1FD65825175871670007455B /* AddressBook.framework */ = {isa = PBXFileReference; lastKnownFileType = wrapper.framework; name = AddressBook.framework; path = System/Library/Frameworks/AddressBook.framework; sourceTree = SDKROOT; };
		1FD65826175871670007455B /* AddressBookUI.framework */ = {isa = PBXFileReference; lastKnownFileType = wrapper.framework; name = AddressBookUI.framework; path = System/Library/Frameworks/AddressBookUI.framework; sourceTree = SDKROOT; };
		1FD6582A175878610007455B /* APIClient.h */ = {isa = PBXFileReference; fileEncoding = 4; lastKnownFileType = sourcecode.c.h; path = APIClient.h; sourceTree = "<group>"; };
		1FD6582B175878610007455B /* APIClient.m */ = {isa = PBXFileReference; fileEncoding = 4; lastKnownFileType = sourcecode.c.objc; path = APIClient.m; sourceTree = "<group>"; };
		1FD6582E175878E20007455B /* Constants.h */ = {isa = PBXFileReference; lastKnownFileType = sourcecode.c.h; path = Constants.h; sourceTree = "<group>"; };
		1FD6582F1758790A0007455B /* HTTPStatusCodes.h */ = {isa = PBXFileReference; lastKnownFileType = sourcecode.c.h; path = HTTPStatusCodes.h; sourceTree = "<group>"; };
		1FE443EB177ABCAE00469634 /* SettingsViewController.h */ = {isa = PBXFileReference; fileEncoding = 4; lastKnownFileType = sourcecode.c.h; path = SettingsViewController.h; sourceTree = "<group>"; };
		1FE443EC177ABCAE00469634 /* SettingsViewController.m */ = {isa = PBXFileReference; fileEncoding = 4; lastKnownFileType = sourcecode.c.objc; path = SettingsViewController.m; sourceTree = "<group>"; };
		1FE649F217659E2F0073D321 /* beaconLogoLarge@2x.png */ = {isa = PBXFileReference; lastKnownFileType = image.png; path = "beaconLogoLarge@2x.png"; sourceTree = "<group>"; };
		1FE67712175C08C4006F563C /* CoreLocation.framework */ = {isa = PBXFileReference; lastKnownFileType = wrapper.framework; name = CoreLocation.framework; path = System/Library/Frameworks/CoreLocation.framework; sourceTree = SDKROOT; };
		1FE67714175C0EA0006F563C /* BeaconAnnotation.h */ = {isa = PBXFileReference; fileEncoding = 4; lastKnownFileType = sourcecode.c.h; name = BeaconAnnotation.h; path = ../BeaconAnnotation.h; sourceTree = "<group>"; };
		1FE67715175C0EA0006F563C /* BeaconAnnotation.m */ = {isa = PBXFileReference; fileEncoding = 4; lastKnownFileType = sourcecode.c.objc; name = BeaconAnnotation.m; path = ../BeaconAnnotation.m; sourceTree = "<group>"; };
		1FE6771C175C16E9006F563C /* beaconAnnotation@2x.png */ = {isa = PBXFileReference; lastKnownFileType = image.png; path = "beaconAnnotation@2x.png"; sourceTree = "<group>"; };
		1FE67727175C25DC006F563C /* menuSettings@2x.png */ = {isa = PBXFileReference; lastKnownFileType = image.png; path = "menuSettings@2x.png"; sourceTree = "<group>"; };
		1FE67729175C2CE2006F563C /* menuLogout@2x.png */ = {isa = PBXFileReference; lastKnownFileType = image.png; path = "menuLogout@2x.png"; sourceTree = "<group>"; };
		1FE6772F175C3496006F563C /* hairlineSeparator@2x.png */ = {isa = PBXFileReference; lastKnownFileType = image.png; path = "hairlineSeparator@2x.png"; sourceTree = "<group>"; };
		1FE67732175C3C9F006F563C /* Lato-Bold.ttf */ = {isa = PBXFileReference; lastKnownFileType = file; path = "Lato-Bold.ttf"; sourceTree = "<group>"; };
		1FE67734175C3CB5006F563C /* Lato-Regular.ttf */ = {isa = PBXFileReference; lastKnownFileType = file; path = "Lato-Regular.ttf"; sourceTree = "<group>"; };
		1FE67736175C3F0D006F563C /* menuBeacons@2x.png */ = {isa = PBXFileReference; lastKnownFileType = image.png; path = "menuBeacons@2x.png"; sourceTree = "<group>"; };
		1FEAEDFF17701C9B0090A7C2 /* LoadingIndictor.h */ = {isa = PBXFileReference; fileEncoding = 4; lastKnownFileType = sourcecode.c.h; path = LoadingIndictor.h; sourceTree = "<group>"; };
		1FEAEE0017701C9B0090A7C2 /* LoadingIndictor.m */ = {isa = PBXFileReference; fileEncoding = 4; lastKnownFileType = sourcecode.c.objc; path = LoadingIndictor.m; sourceTree = "<group>"; };
		1FEAEE0217702AD00090A7C2 /* AnalyticsManager.h */ = {isa = PBXFileReference; fileEncoding = 4; lastKnownFileType = sourcecode.c.h; path = AnalyticsManager.h; sourceTree = "<group>"; };
		1FEAEE0317702AD00090A7C2 /* AnalyticsManager.m */ = {isa = PBXFileReference; fileEncoding = 4; lastKnownFileType = sourcecode.c.objc; path = AnalyticsManager.m; sourceTree = "<group>"; };
		1FEEFF10175EFF070091AD01 /* Utilities.h */ = {isa = PBXFileReference; fileEncoding = 4; lastKnownFileType = sourcecode.c.h; path = Utilities.h; sourceTree = "<group>"; };
		1FEEFF11175EFF070091AD01 /* Utilities.m */ = {isa = PBXFileReference; fileEncoding = 4; lastKnownFileType = sourcecode.c.objc; path = Utilities.m; sourceTree = "<group>"; };
		9615F4E1175BEBC6005CF62D /* Beacon.h */ = {isa = PBXFileReference; fileEncoding = 4; lastKnownFileType = sourcecode.c.h; path = Beacon.h; sourceTree = "<group>"; };
		9615F4E2175BEBC6005CF62D /* Beacon.m */ = {isa = PBXFileReference; fileEncoding = 4; lastKnownFileType = sourcecode.c.objc; path = Beacon.m; sourceTree = "<group>"; };
		9615F4E5175BEBE6005CF62D /* User.h */ = {isa = PBXFileReference; fileEncoding = 4; lastKnownFileType = sourcecode.c.h; path = User.h; sourceTree = "<group>"; };
		9615F4E6175BEBE6005CF62D /* User.m */ = {isa = PBXFileReference; fileEncoding = 4; lastKnownFileType = sourcecode.c.objc; path = User.m; sourceTree = "<group>"; };
		963399381758512100AF9D89 /* Beacons.app */ = {isa = PBXFileReference; explicitFileType = wrapper.application; includeInIndex = 0; path = Beacons.app; sourceTree = BUILT_PRODUCTS_DIR; };
		9633993B1758512100AF9D89 /* UIKit.framework */ = {isa = PBXFileReference; lastKnownFileType = wrapper.framework; name = UIKit.framework; path = System/Library/Frameworks/UIKit.framework; sourceTree = SDKROOT; };
		9633993D1758512100AF9D89 /* Foundation.framework */ = {isa = PBXFileReference; lastKnownFileType = wrapper.framework; name = Foundation.framework; path = System/Library/Frameworks/Foundation.framework; sourceTree = SDKROOT; };
		9633993F1758512100AF9D89 /* CoreGraphics.framework */ = {isa = PBXFileReference; lastKnownFileType = wrapper.framework; name = CoreGraphics.framework; path = System/Library/Frameworks/CoreGraphics.framework; sourceTree = SDKROOT; };
		963399431758512100AF9D89 /* Beacons-Info.plist */ = {isa = PBXFileReference; lastKnownFileType = text.plist.xml; path = "Beacons-Info.plist"; sourceTree = "<group>"; };
		963399451758512100AF9D89 /* en */ = {isa = PBXFileReference; lastKnownFileType = text.plist.strings; name = en; path = en.lproj/InfoPlist.strings; sourceTree = "<group>"; };
		963399471758512100AF9D89 /* main.m */ = {isa = PBXFileReference; lastKnownFileType = sourcecode.c.objc; path = main.m; sourceTree = "<group>"; };
		963399491758512100AF9D89 /* Beacons-Prefix.pch */ = {isa = PBXFileReference; lastKnownFileType = sourcecode.c.h; path = "Beacons-Prefix.pch"; sourceTree = "<group>"; };
		9633994A1758512100AF9D89 /* AppDelegate.h */ = {isa = PBXFileReference; lastKnownFileType = sourcecode.c.h; path = AppDelegate.h; sourceTree = "<group>"; };
		9633994B1758512100AF9D89 /* AppDelegate.m */ = {isa = PBXFileReference; lastKnownFileType = sourcecode.c.objc; path = AppDelegate.m; sourceTree = "<group>"; };
		9633994D1758512100AF9D89 /* Default.png */ = {isa = PBXFileReference; lastKnownFileType = image.png; path = Default.png; sourceTree = "<group>"; };
		963399611758512100AF9D89 /* BeaconsTests.octest */ = {isa = PBXFileReference; explicitFileType = wrapper.cfbundle; includeInIndex = 0; path = BeaconsTests.octest; sourceTree = BUILT_PRODUCTS_DIR; };
		963399621758512100AF9D89 /* SenTestingKit.framework */ = {isa = PBXFileReference; lastKnownFileType = wrapper.framework; name = SenTestingKit.framework; path = Library/Frameworks/SenTestingKit.framework; sourceTree = DEVELOPER_DIR; };
		9633996A1758512100AF9D89 /* BeaconsTests-Info.plist */ = {isa = PBXFileReference; lastKnownFileType = text.plist.xml; path = "BeaconsTests-Info.plist"; sourceTree = "<group>"; };
		9633996C1758512100AF9D89 /* en */ = {isa = PBXFileReference; lastKnownFileType = text.plist.strings; name = en; path = en.lproj/InfoPlist.strings; sourceTree = "<group>"; };
		9633996E1758512100AF9D89 /* BeaconsTests.h */ = {isa = PBXFileReference; lastKnownFileType = sourcecode.c.h; path = BeaconsTests.h; sourceTree = "<group>"; };
		9633996F1758512100AF9D89 /* BeaconsTests.m */ = {isa = PBXFileReference; lastKnownFileType = sourcecode.c.objc; path = BeaconsTests.m; sourceTree = "<group>"; };
		9647102B17DEE81900878C19 /* hotspotLogoNav@2x.png */ = {isa = PBXFileReference; lastKnownFileType = image.png; path = "hotspotLogoNav@2x.png"; sourceTree = "<group>"; };
		9647102D17DEEB5700878C19 /* plus@2x.png */ = {isa = PBXFileReference; lastKnownFileType = image.png; path = "plus@2x.png"; sourceTree = "<group>"; };
		9647102F17DEED5F00878C19 /* bubbleLeft@2x.png */ = {isa = PBXFileReference; lastKnownFileType = image.png; path = "bubbleLeft@2x.png"; sourceTree = "<group>"; };
		9647103117DEFBC200878C19 /* bubbleRight@2x.png */ = {isa = PBXFileReference; lastKnownFileType = image.png; path = "bubbleRight@2x.png"; sourceTree = "<group>"; };
		966070E0175AC989007379A0 /* LineLayout.h */ = {isa = PBXFileReference; fileEncoding = 4; lastKnownFileType = sourcecode.c.h; path = LineLayout.h; sourceTree = "<group>"; };
		966070E1175AC989007379A0 /* LineLayout.m */ = {isa = PBXFileReference; fileEncoding = 4; lastKnownFileType = sourcecode.c.objc; path = LineLayout.m; sourceTree = "<group>"; };
		966AC11B17CADBFA0093BB69 /* BeaconManager.h */ = {isa = PBXFileReference; fileEncoding = 4; lastKnownFileType = sourcecode.c.h; path = BeaconManager.h; sourceTree = "<group>"; };
		966AC11C17CADBFA0093BB69 /* BeaconManager.m */ = {isa = PBXFileReference; fileEncoding = 4; lastKnownFileType = sourcecode.c.objc; path = BeaconManager.m; sourceTree = "<group>"; };
		966F270617E174CF000B4B8C /* libPods.a */ = {isa = PBXFileReference; lastKnownFileType = archive.ar; name = libPods.a; path = "Pods/build/Debug-iphoneos/libPods.a"; sourceTree = "<group>"; };
		96859CE917EF9C8800C1C467 /* SoundPlayer.h */ = {isa = PBXFileReference; fileEncoding = 4; lastKnownFileType = sourcecode.c.h; path = SoundPlayer.h; sourceTree = "<group>"; };
		96859CEA17EF9C8800C1C467 /* SoundPlayer.m */ = {isa = PBXFileReference; fileEncoding = 4; lastKnownFileType = sourcecode.c.objc; path = SoundPlayer.m; sourceTree = "<group>"; };
		96859CEC17EF9FA800C1C467 /* AudioToolbox.framework */ = {isa = PBXFileReference; lastKnownFileType = wrapper.framework; name = AudioToolbox.framework; path = System/Library/Frameworks/AudioToolbox.framework; sourceTree = SDKROOT; };
		96859CEE17EFA7BD00C1C467 /* Default@2x.png */ = {isa = PBXFileReference; lastKnownFileType = image.png; path = "Default@2x.png"; sourceTree = "<group>"; };
		96859CEF17EFA7BD00C1C467 /* Default-568h@2x.png */ = {isa = PBXFileReference; lastKnownFileType = image.png; path = "Default-568h@2x.png"; sourceTree = "<group>"; };
		96859CF217EFC3C600C1C467 /* FormView.h */ = {isa = PBXFileReference; fileEncoding = 4; lastKnownFileType = sourcecode.c.h; path = FormView.h; sourceTree = "<group>"; };
		96859CF317EFC3C600C1C467 /* FormView.m */ = {isa = PBXFileReference; fileEncoding = 4; lastKnownFileType = sourcecode.c.objc; path = FormView.m; sourceTree = "<group>"; };
		96859CF517EFC89800C1C467 /* RegisterViewController.h */ = {isa = PBXFileReference; fileEncoding = 4; lastKnownFileType = sourcecode.c.h; path = RegisterViewController.h; sourceTree = "<group>"; };
		96859CF617EFC89800C1C467 /* RegisterViewController.m */ = {isa = PBXFileReference; fileEncoding = 4; lastKnownFileType = sourcecode.c.objc; path = RegisterViewController.m; sourceTree = "<group>"; };
		96859CF817EFD2E600C1C467 /* UIView+Alignment.h */ = {isa = PBXFileReference; fileEncoding = 4; lastKnownFileType = sourcecode.c.h; path = "UIView+Alignment.h"; sourceTree = "<group>"; };
		96859CF917EFD2E600C1C467 /* UIView+Alignment.m */ = {isa = PBXFileReference; fileEncoding = 4; lastKnownFileType = sourcecode.c.objc; path = "UIView+Alignment.m"; sourceTree = "<group>"; };
		96859CFE17EFD5D600C1C467 /* InsetTextField.h */ = {isa = PBXFileReference; fileEncoding = 4; lastKnownFileType = sourcecode.c.h; path = InsetTextField.h; sourceTree = "<group>"; };
		96859CFF17EFD5D600C1C467 /* InsetTextField.m */ = {isa = PBXFileReference; fileEncoding = 4; lastKnownFileType = sourcecode.c.objc; path = InsetTextField.m; sourceTree = "<group>"; };
		96859D0117EFD77B00C1C467 /* orangeBackground@2x.png */ = {isa = PBXFileReference; lastKnownFileType = image.png; path = "orangeBackground@2x.png"; sourceTree = "<group>"; };
		96859D0317F3F00B00C1C467 /* KenBurnsView.h */ = {isa = PBXFileReference; fileEncoding = 4; lastKnownFileType = sourcecode.c.h; path = KenBurnsView.h; sourceTree = "<group>"; };
		96859D0417F3F00B00C1C467 /* KenBurnsView.m */ = {isa = PBXFileReference; fileEncoding = 4; lastKnownFileType = sourcecode.c.objc; path = KenBurnsView.m; sourceTree = "<group>"; };
		96859D0C17F4048300C1C467 /* JAGrandCentralDispatch.h */ = {isa = PBXFileReference; fileEncoding = 4; lastKnownFileType = sourcecode.c.h; path = JAGrandCentralDispatch.h; sourceTree = "<group>"; };
		96859D0D17F4048300C1C467 /* JAGrandCentralDispatch.m */ = {isa = PBXFileReference; fileEncoding = 4; lastKnownFileType = sourcecode.c.objc; path = JAGrandCentralDispatch.m; sourceTree = "<group>"; };
		968CDA8A17F78ED600D64441 /* SetBeaconViewController.h */ = {isa = PBXFileReference; fileEncoding = 4; lastKnownFileType = sourcecode.c.h; path = SetBeaconViewController.h; sourceTree = "<group>"; };
		968CDA8B17F78ED600D64441 /* SetBeaconViewController.m */ = {isa = PBXFileReference; fileEncoding = 4; lastKnownFileType = sourcecode.c.objc; path = SetBeaconViewController.m; sourceTree = "<group>"; };
		968CDA8D17F79CEB00D64441 /* JADatePicker.h */ = {isa = PBXFileReference; fileEncoding = 4; lastKnownFileType = sourcecode.c.h; path = JADatePicker.h; sourceTree = "<group>"; };
		968CDA8E17F79CEB00D64441 /* JADatePicker.m */ = {isa = PBXFileReference; fileEncoding = 4; lastKnownFileType = sourcecode.c.objc; path = JADatePicker.m; sourceTree = "<group>"; };
		9691D25D17F8BD0D0095BA80 /* JAPlaceholderTextView.h */ = {isa = PBXFileReference; fileEncoding = 4; lastKnownFileType = sourcecode.c.h; path = JAPlaceholderTextView.h; sourceTree = "<group>"; };
		9691D25E17F8BD0D0095BA80 /* JAPlaceholderTextView.m */ = {isa = PBXFileReference; fileEncoding = 4; lastKnownFileType = sourcecode.c.objc; path = JAPlaceholderTextView.m; sourceTree = "<group>"; };
		9691D26017FA93A50095BA80 /* chatButtonNormal@2x.png */ = {isa = PBXFileReference; lastKnownFileType = image.png; path = "chatButtonNormal@2x.png"; sourceTree = "<group>"; };
		9691D26117FA93A50095BA80 /* chatButtonSelected@2x.png */ = {isa = PBXFileReference; lastKnownFileType = image.png; path = "chatButtonSelected@2x.png"; sourceTree = "<group>"; };
		9691D26417FA94AB0095BA80 /* invitedButtonNormal@2x.png */ = {isa = PBXFileReference; lastKnownFileType = image.png; path = "invitedButtonNormal@2x.png"; sourceTree = "<group>"; };
		9691D26517FA94AB0095BA80 /* invitedButtonSelected@2x.png */ = {isa = PBXFileReference; lastKnownFileType = image.png; path = "invitedButtonSelected@2x.png"; sourceTree = "<group>"; };
		96956444175852990081B349 /* LoginViewController.h */ = {isa = PBXFileReference; fileEncoding = 4; lastKnownFileType = sourcecode.c.h; path = LoginViewController.h; sourceTree = "<group>"; };
		96956445175852990081B349 /* LoginViewController.m */ = {isa = PBXFileReference; fileEncoding = 4; lastKnownFileType = sourcecode.c.objc; path = LoginViewController.m; sourceTree = "<group>"; };
		96956446175852990081B349 /* LoginViewController.xib */ = {isa = PBXFileReference; fileEncoding = 4; lastKnownFileType = file.xib; path = LoginViewController.xib; sourceTree = "<group>"; };
		96956449175862790081B349 /* CenterNavigationController.h */ = {isa = PBXFileReference; fileEncoding = 4; lastKnownFileType = sourcecode.c.h; path = CenterNavigationController.h; sourceTree = "<group>"; };
		9695644A175862790081B349 /* CenterNavigationController.m */ = {isa = PBXFileReference; fileEncoding = 4; lastKnownFileType = sourcecode.c.objc; path = CenterNavigationController.m; sourceTree = "<group>"; };
		9695644C1758642B0081B349 /* MapViewController.h */ = {isa = PBXFileReference; fileEncoding = 4; lastKnownFileType = sourcecode.c.h; path = MapViewController.h; sourceTree = "<group>"; };
		9695644D1758642B0081B349 /* MapViewController.m */ = {isa = PBXFileReference; fileEncoding = 4; lastKnownFileType = sourcecode.c.objc; path = MapViewController.m; sourceTree = "<group>"; };
		9695644E1758642B0081B349 /* MapViewController.xib */ = {isa = PBXFileReference; fileEncoding = 4; lastKnownFileType = file.xib; path = MapViewController.xib; sourceTree = "<group>"; };
		96956451175866920081B349 /* MapKit.framework */ = {isa = PBXFileReference; lastKnownFileType = wrapper.framework; name = MapKit.framework; path = System/Library/Frameworks/MapKit.framework; sourceTree = SDKROOT; };
		969564531758691B0081B349 /* MenuViewController.h */ = {isa = PBXFileReference; fileEncoding = 4; lastKnownFileType = sourcecode.c.h; path = MenuViewController.h; sourceTree = "<group>"; };
		969564541758691B0081B349 /* MenuViewController.m */ = {isa = PBXFileReference; fileEncoding = 4; lastKnownFileType = sourcecode.c.objc; path = MenuViewController.m; sourceTree = "<group>"; };
		969C44DC17E1436B0083E6A4 /* Icon@2x.png */ = {isa = PBXFileReference; lastKnownFileType = image.png; path = "Icon@2x.png"; sourceTree = "<group>"; };
		969D648217E95F9300F5AB36 /* beaconCellBackgroundYellow@2x.png */ = {isa = PBXFileReference; lastKnownFileType = image.png; path = "beaconCellBackgroundYellow@2x.png"; sourceTree = "<group>"; };
		969D648317E95F9300F5AB36 /* beaconCellBackgroundGreen@2x.png */ = {isa = PBXFileReference; lastKnownFileType = image.png; path = "beaconCellBackgroundGreen@2x.png"; sourceTree = "<group>"; };
		969D648417E95F9300F5AB36 /* beaconCellBackgroundOrange@2x.png */ = {isa = PBXFileReference; lastKnownFileType = image.png; path = "beaconCellBackgroundOrange@2x.png"; sourceTree = "<group>"; };
		969D648517E95F9300F5AB36 /* beaconCellBackgroundPurple@2x.png */ = {isa = PBXFileReference; lastKnownFileType = image.png; path = "beaconCellBackgroundPurple@2x.png"; sourceTree = "<group>"; };
		969D648C17E9681500F5AB36 /* beaconCellBackgroundPink@2x.png */ = {isa = PBXFileReference; lastKnownFileType = image.png; path = "beaconCellBackgroundPink@2x.png"; sourceTree = "<group>"; };
		969D649017E96A3600F5AB36 /* beaconCellBackgroundBlue@2x.png */ = {isa = PBXFileReference; lastKnownFileType = image.png; path = "beaconCellBackgroundBlue@2x.png"; sourceTree = "<group>"; };
		969D649217E96ABE00F5AB36 /* beaconCellImageMask@2x.png */ = {isa = PBXFileReference; lastKnownFileType = image.png; path = "beaconCellImageMask@2x.png"; sourceTree = "<group>"; };
		969D649417E96E1B00F5AB36 /* UIImage+Resize.h */ = {isa = PBXFileReference; fileEncoding = 4; lastKnownFileType = sourcecode.c.h; path = "UIImage+Resize.h"; sourceTree = "<group>"; };
		969D649517E96E1B00F5AB36 /* UIImage+Resize.m */ = {isa = PBXFileReference; fileEncoding = 4; lastKnownFileType = sourcecode.c.objc; path = "UIImage+Resize.m"; sourceTree = "<group>"; };
		969D649717EF85F200F5AB36 /* ImageViewController.h */ = {isa = PBXFileReference; fileEncoding = 4; lastKnownFileType = sourcecode.c.h; path = ImageViewController.h; sourceTree = "<group>"; };
		969D649817EF85F200F5AB36 /* ImageViewController.m */ = {isa = PBXFileReference; fileEncoding = 4; lastKnownFileType = sourcecode.c.objc; path = ImageViewController.m; sourceTree = "<group>"; };
		96A9871517E2C7D3007D77B8 /* BeaconProfileViewController.h */ = {isa = PBXFileReference; fileEncoding = 4; lastKnownFileType = sourcecode.c.h; path = BeaconProfileViewController.h; sourceTree = "<group>"; };
		96A9871617E2C7D3007D77B8 /* BeaconProfileViewController.m */ = {isa = PBXFileReference; fileEncoding = 4; lastKnownFileType = sourcecode.c.objc; path = BeaconProfileViewController.m; sourceTree = "<group>"; };
		96A9871817E4FB40007D77B8 /* beaconImageTest@2x.png */ = {isa = PBXFileReference; lastKnownFileType = image.png; path = "beaconImageTest@2x.png"; sourceTree = "<group>"; };
		96A9871A17E50C9D007D77B8 /* backgroundGradient@2x.png */ = {isa = PBXFileReference; lastKnownFileType = image.png; path = "backgroundGradient@2x.png"; sourceTree = "<group>"; };
		96A9871C17E51753007D77B8 /* InviteListViewController.h */ = {isa = PBXFileReference; fileEncoding = 4; lastKnownFileType = sourcecode.c.h; path = InviteListViewController.h; sourceTree = "<group>"; };
		96A9871D17E51753007D77B8 /* InviteListViewController.m */ = {isa = PBXFileReference; fileEncoding = 4; lastKnownFileType = sourcecode.c.objc; path = InviteListViewController.m; sourceTree = "<group>"; };
		96A9871F17E517FB007D77B8 /* BeaconStatus.h */ = {isa = PBXFileReference; fileEncoding = 4; lastKnownFileType = sourcecode.c.h; path = BeaconStatus.h; sourceTree = "<group>"; };
		96A9872017E517FB007D77B8 /* BeaconStatus.m */ = {isa = PBXFileReference; fileEncoding = 4; lastKnownFileType = sourcecode.c.objc; path = BeaconStatus.m; sourceTree = "<group>"; };
		96A9872C17E6633A007D77B8 /* cameraLarge@2x.png */ = {isa = PBXFileReference; lastKnownFileType = image.png; path = "cameraLarge@2x.png"; sourceTree = "<group>"; };
		96A9872E17E68C44007D77B8 /* PhotoManager.h */ = {isa = PBXFileReference; fileEncoding = 4; lastKnownFileType = sourcecode.c.h; path = PhotoManager.h; sourceTree = "<group>"; };
		96A9872F17E68C44007D77B8 /* PhotoManager.m */ = {isa = PBXFileReference; fileEncoding = 4; lastKnownFileType = sourcecode.c.objc; path = PhotoManager.m; sourceTree = "<group>"; };
		96A9873317E6A6C6007D77B8 /* BeaconImage.h */ = {isa = PBXFileReference; fileEncoding = 4; lastKnownFileType = sourcecode.c.h; path = BeaconImage.h; sourceTree = "<group>"; };
		96A9873417E6A6C6007D77B8 /* BeaconImage.m */ = {isa = PBXFileReference; fileEncoding = 4; lastKnownFileType = sourcecode.c.objc; path = BeaconImage.m; sourceTree = "<group>"; };
		96ACEC0217E038A9004B30B1 /* BeaconChatViewController.h */ = {isa = PBXFileReference; fileEncoding = 4; lastKnownFileType = sourcecode.c.h; path = BeaconChatViewController.h; sourceTree = "<group>"; };
		96ACEC0317E038A9004B30B1 /* BeaconChatViewController.m */ = {isa = PBXFileReference; fileEncoding = 4; lastKnownFileType = sourcecode.c.objc; path = BeaconChatViewController.m; sourceTree = "<group>"; };
		96AE3B061788EEDD00FDDBFE /* beaconAnnotationActive@2x.png */ = {isa = PBXFileReference; lastKnownFileType = image.png; path = "beaconAnnotationActive@2x.png"; sourceTree = "<group>"; };
		96C5F20A17DEE39000B48EE2 /* navBar@2x.png */ = {isa = PBXFileReference; lastKnownFileType = image.png; path = "navBar@2x.png"; sourceTree = "<group>"; };
		96C87C7B175A9A44006EA3A3 /* loginBackground-568h@2x.png */ = {isa = PBXFileReference; lastKnownFileType = image.png; path = "loginBackground-568h@2x.png"; sourceTree = "<group>"; };
		96C87C7C175A9A44006EA3A3 /* loginBackground@2x.png */ = {isa = PBXFileReference; lastKnownFileType = image.png; path = "loginBackground@2x.png"; sourceTree = "<group>"; };
		96C87C7F175A9C12006EA3A3 /* orangeButton@2x.png */ = {isa = PBXFileReference; lastKnownFileType = image.png; path = "orangeButton@2x.png"; sourceTree = "<group>"; };
		96C87C81175AA423006EA3A3 /* menuBackground@2x.png */ = {isa = PBXFileReference; lastKnownFileType = image.png; path = "menuBackground@2x.png"; sourceTree = "<group>"; };
		96C87C86175AB97F006EA3A3 /* DefaultTheme.h */ = {isa = PBXFileReference; fileEncoding = 4; lastKnownFileType = sourcecode.c.h; path = DefaultTheme.h; sourceTree = "<group>"; };
		96C87C87175AB97F006EA3A3 /* DefaultTheme.m */ = {isa = PBXFileReference; fileEncoding = 4; lastKnownFileType = sourcecode.c.objc; path = DefaultTheme.m; sourceTree = "<group>"; };
		96C87C88175AB97F006EA3A3 /* Theme.h */ = {isa = PBXFileReference; fileEncoding = 4; lastKnownFileType = sourcecode.c.h; path = Theme.h; sourceTree = "<group>"; };
		96C87C89175AB97F006EA3A3 /* Theme.m */ = {isa = PBXFileReference; fileEncoding = 4; lastKnownFileType = sourcecode.c.objc; path = Theme.m; sourceTree = "<group>"; };
		96C87C90175ABC94006EA3A3 /* menuButton@2x.png */ = {isa = PBXFileReference; lastKnownFileType = image.png; path = "menuButton@2x.png"; sourceTree = "<group>"; };
		96D1D0D617E818A90033396F /* cameraSmall@2x.png */ = {isa = PBXFileReference; lastKnownFileType = image.png; path = "cameraSmall@2x.png"; sourceTree = "<group>"; };
		96F14C1A17D8499B0093C976 /* ChatViewController.h */ = {isa = PBXFileReference; fileEncoding = 4; lastKnownFileType = sourcecode.c.h; path = ChatViewController.h; sourceTree = "<group>"; };
		96F14C1B17D8499B0093C976 /* ChatViewController.m */ = {isa = PBXFileReference; fileEncoding = 4; lastKnownFileType = sourcecode.c.objc; path = ChatViewController.m; sourceTree = "<group>"; };
		96F14C1D17D84A890093C976 /* ChatTest.h */ = {isa = PBXFileReference; fileEncoding = 4; lastKnownFileType = sourcecode.c.h; name = ChatTest.h; path = ../ChatTest.h; sourceTree = "<group>"; };
		96F14C1E17D84A890093C976 /* ChatTest.m */ = {isa = PBXFileReference; fileEncoding = 4; lastKnownFileType = sourcecode.c.objc; name = ChatTest.m; path = ../ChatTest.m; sourceTree = "<group>"; };
		96F14C2117D84AF40093C976 /* ChatMessage.h */ = {isa = PBXFileReference; fileEncoding = 4; lastKnownFileType = sourcecode.c.h; path = ChatMessage.h; sourceTree = "<group>"; };
		96F14C2217D84AF40093C976 /* ChatMessage.m */ = {isa = PBXFileReference; fileEncoding = 4; lastKnownFileType = sourcecode.c.objc; path = ChatMessage.m; sourceTree = "<group>"; };
		96F14C2417D84F0D0093C976 /* ChatTableViewCell.h */ = {isa = PBXFileReference; fileEncoding = 4; lastKnownFileType = sourcecode.c.h; path = ChatTableViewCell.h; sourceTree = "<group>"; };
		96F14C2517D84F0D0093C976 /* ChatTableViewCell.m */ = {isa = PBXFileReference; fileEncoding = 4; lastKnownFileType = sourcecode.c.objc; path = ChatTableViewCell.m; sourceTree = "<group>"; };
		96FA824517E2C2B30095AF22 /* BeaconDetailViewController.h */ = {isa = PBXFileReference; fileEncoding = 4; lastKnownFileType = sourcecode.c.h; path = BeaconDetailViewController.h; sourceTree = "<group>"; };
		96FA824617E2C2B30095AF22 /* BeaconDetailViewController.m */ = {isa = PBXFileReference; fileEncoding = 4; lastKnownFileType = sourcecode.c.objc; path = BeaconDetailViewController.m; sourceTree = "<group>"; };
/* End PBXFileReference section */

/* Begin PBXFrameworksBuildPhase section */
		963399351758512100AF9D89 /* Frameworks */ = {
			isa = PBXFrameworksBuildPhase;
			buildActionMask = 2147483647;
			files = (
				96859CED17EF9FA800C1C467 /* AudioToolbox.framework in Frameworks */,
				966F270717E174CF000B4B8C /* libPods.a in Frameworks */,
				1F4D658B17653C9D00D02369 /* MessageUI.framework in Frameworks */,
				1FE67713175C08C4006F563C /* CoreLocation.framework in Frameworks */,
				1FD65827175871670007455B /* AddressBook.framework in Frameworks */,
				1FD65828175871670007455B /* AddressBookUI.framework in Frameworks */,
				96956452175866920081B349 /* MapKit.framework in Frameworks */,
				9633993C1758512100AF9D89 /* UIKit.framework in Frameworks */,
				9633993E1758512100AF9D89 /* Foundation.framework in Frameworks */,
				963399401758512100AF9D89 /* CoreGraphics.framework in Frameworks */,
			);
			runOnlyForDeploymentPostprocessing = 0;
		};
		9633995D1758512100AF9D89 /* Frameworks */ = {
			isa = PBXFrameworksBuildPhase;
			buildActionMask = 2147483647;
			files = (
				963399631758512100AF9D89 /* SenTestingKit.framework in Frameworks */,
				963399641758512100AF9D89 /* UIKit.framework in Frameworks */,
				963399651758512100AF9D89 /* Foundation.framework in Frameworks */,
			);
			runOnlyForDeploymentPostprocessing = 0;
		};
/* End PBXFrameworksBuildPhase section */

/* Begin PBXGroup section */
		1FB74EE617764ED000F0F385 /* Categories */ = {
			isa = PBXGroup;
			children = (
				96859CF817EFD2E600C1C467 /* UIView+Alignment.h */,
				96859CF917EFD2E600C1C467 /* UIView+Alignment.m */,
				1FB74EE717764F7C00F0F385 /* UIColor+UnnormalizedColor.h */,
				1FB74EE817764F7C00F0F385 /* UIColor+UnnormalizedColor.m */,
				1F5D4BAF17767E9600A1A66E /* NSDate+FormattedDate.h */,
				1F5D4BB017767E9600A1A66E /* NSDate+FormattedDate.m */,
				969D649417E96E1B00F5AB36 /* UIImage+Resize.h */,
				969D649517E96E1B00F5AB36 /* UIImage+Resize.m */,
			);
			path = Categories;
			sourceTree = "<group>";
		};
		1FD65829175878480007455B /* Networking */ = {
			isa = PBXGroup;
			children = (
				1FD6582A175878610007455B /* APIClient.h */,
				1FD6582B175878610007455B /* APIClient.m */,
				1F465C1E1763E2EE00F35A8B /* FourSquareAPIClient.h */,
				1F465C1F1763E2EE00F35A8B /* FourSquareAPIClient.m */,
			);
			path = Networking;
			sourceTree = "<group>";
		};
		1FD6582D175878D20007455B /* Constants */ = {
			isa = PBXGroup;
			children = (
				1FD6582E175878E20007455B /* Constants.h */,
				1FD6582F1758790A0007455B /* HTTPStatusCodes.h */,
			);
			path = Constants;
			sourceTree = "<group>";
		};
		1FE6771E175C1DAA006F563C /* Views */ = {
			isa = PBXGroup;
			children = (
				1F526385175C492800DD26E1 /* BeaconAnnotationView.h */,
				1F526386175C492800DD26E1 /* BeaconAnnotationView.m */,
				1F526387175C492800DD26E1 /* BeaconCell.h */,
				1F526388175C492800DD26E1 /* BeaconCell.m */,
				1F465C191763C96D00F35A8B /* BeaconUserCell.h */,
				1F465C1A1763C96D00F35A8B /* BeaconUserCell.m */,
				96859CFE17EFD5D600C1C467 /* InsetTextField.h */,
				96859CFF17EFD5D600C1C467 /* InsetTextField.m */,
				96859D0317F3F00B00C1C467 /* KenBurnsView.h */,
				96859D0417F3F00B00C1C467 /* KenBurnsView.m */,
				968CDA8D17F79CEB00D64441 /* JADatePicker.h */,
				968CDA8E17F79CEB00D64441 /* JADatePicker.m */,
				9691D25D17F8BD0D0095BA80 /* JAPlaceholderTextView.h */,
				9691D25E17F8BD0D0095BA80 /* JAPlaceholderTextView.m */,
			);
			path = Views;
			sourceTree = "<group>";
		};
		1FE67731175C3C88006F563C /* Fonts */ = {
			isa = PBXGroup;
			children = (
				1FE67732175C3C9F006F563C /* Lato-Bold.ttf */,
				1FE67734175C3CB5006F563C /* Lato-Regular.ttf */,
			);
			path = Fonts;
			sourceTree = "<group>";
		};
		9615F4E0175BEBA9005CF62D /* Models */ = {
			isa = PBXGroup;
			children = (
				1FE67714175C0EA0006F563C /* BeaconAnnotation.h */,
				1FE67715175C0EA0006F563C /* BeaconAnnotation.m */,
				9615F4E1175BEBC6005CF62D /* Beacon.h */,
				9615F4E2175BEBC6005CF62D /* Beacon.m */,
				9615F4E5175BEBE6005CF62D /* User.h */,
				9615F4E6175BEBE6005CF62D /* User.m */,
				1F465C211763F97D00F35A8B /* Venue.h */,
				1F465C221763F97D00F35A8B /* Venue.m */,
				1F465C29176510EB00F35A8B /* Contact.h */,
				1F465C2A176510EB00F35A8B /* Contact.m */,
				96A9873317E6A6C6007D77B8 /* BeaconImage.h */,
				96A9873417E6A6C6007D77B8 /* BeaconImage.m */,
			);
			path = Models;
			sourceTree = "<group>";
		};
		9633992F1758512100AF9D89 = {
			isa = PBXGroup;
			children = (
				963399411758512100AF9D89 /* Beacons */,
				963399681758512100AF9D89 /* BeaconsTests */,
				9633993A1758512100AF9D89 /* Frameworks */,
				963399391758512100AF9D89 /* Products */,
				1D52DBDD22844917AFA0C8BB /* Pods.xcconfig */,
			);
			sourceTree = "<group>";
		};
		963399391758512100AF9D89 /* Products */ = {
			isa = PBXGroup;
			children = (
				963399381758512100AF9D89 /* Beacons.app */,
				963399611758512100AF9D89 /* BeaconsTests.octest */,
			);
			name = Products;
			sourceTree = "<group>";
		};
		9633993A1758512100AF9D89 /* Frameworks */ = {
			isa = PBXGroup;
			children = (
				96859CEC17EF9FA800C1C467 /* AudioToolbox.framework */,
				966F270617E174CF000B4B8C /* libPods.a */,
				1F4D658A17653C9D00D02369 /* MessageUI.framework */,
				1FE67712175C08C4006F563C /* CoreLocation.framework */,
				1FD65825175871670007455B /* AddressBook.framework */,
				1FD65826175871670007455B /* AddressBookUI.framework */,
				96956451175866920081B349 /* MapKit.framework */,
				9633993B1758512100AF9D89 /* UIKit.framework */,
				9633993D1758512100AF9D89 /* Foundation.framework */,
				9633993F1758512100AF9D89 /* CoreGraphics.framework */,
				963399621758512100AF9D89 /* SenTestingKit.framework */,
			);
			name = Frameworks;
			sourceTree = "<group>";
		};
		963399411758512100AF9D89 /* Beacons */ = {
			isa = PBXGroup;
			children = (
				96859D0617F402F200C1C467 /* Other */,
				1FB74EE617764ED000F0F385 /* Categories */,
				9633994A1758512100AF9D89 /* AppDelegate.h */,
				9633994B1758512100AF9D89 /* AppDelegate.m */,
				96956449175862790081B349 /* CenterNavigationController.h */,
				9695644A175862790081B349 /* CenterNavigationController.m */,
				1FD6582D175878D20007455B /* Constants */,
				1F465C0017617E3F00F35A8B /* CreateBeaconViewController.h */,
				1F465C0117617E3F00F35A8B /* CreateBeaconViewController.m */,
				1F465C0217617E3F00F35A8B /* CreateBeaconViewController.xib */,
				1F465C261764FB7600F35A8B /* FindFriendsViewController.h */,
				1F465C271764FB7600F35A8B /* FindFriendsViewController.m */,
				966070E0175AC989007379A0 /* LineLayout.h */,
				966070E1175AC989007379A0 /* LineLayout.m */,
				1F52638B175C496900DD26E1 /* LocationTracker.h */,
				1F52638C175C496900DD26E1 /* LocationTracker.m */,
				96956444175852990081B349 /* LoginViewController.h */,
				96956445175852990081B349 /* LoginViewController.m */,
				96956446175852990081B349 /* LoginViewController.xib */,
				9695644C1758642B0081B349 /* MapViewController.h */,
				9695644D1758642B0081B349 /* MapViewController.m */,
				9695644E1758642B0081B349 /* MapViewController.xib */,
				969564531758691B0081B349 /* MenuViewController.h */,
				969564541758691B0081B349 /* MenuViewController.m */,
				9615F4E0175BEBA9005CF62D /* Models */,
				1FD65829175878480007455B /* Networking */,
				1F3DD743175D9AC5007A7AD6 /* RegistrationViewController.h */,
				1F3DD744175D9AC5007A7AD6 /* RegistrationViewController.m */,
				1F3DD745175D9AC5007A7AD6 /* RegistrationViewController.xib */,
				96C87C7A175A9A2C006EA3A3 /* Resources */,
				1F465C0717618B9200F35A8B /* SelectLocationViewController.h */,
				1F465C0817618B9200F35A8B /* SelectLocationViewController.m */,
				1F465C0917618B9200F35A8B /* SelectLocationViewController.xib */,
				1FA0AD6E175EE7EC004F2168 /* SignInViewController.h */,
				1FA0AD6F175EE7EC004F2168 /* SignInViewController.m */,
				1FA0AD70175EE7EC004F2168 /* SignInViewController.xib */,
				963399421758512100AF9D89 /* Supporting Files */,
				1FA2D5081765398C00AB657F /* TextMessageManager.h */,
				1FA2D5091765398C00AB657F /* TextMessageManager.m */,
				96C87C85175AB966006EA3A3 /* Theme */,
				1FEEFF10175EFF070091AD01 /* Utilities.h */,
				1FEEFF11175EFF070091AD01 /* Utilities.m */,
				1FE6771E175C1DAA006F563C /* Views */,
				1F9CEB38176D081500529037 /* ActivationViewController.h */,
				1F9CEB39176D081500529037 /* ActivationViewController.m */,
				1F9CEB3A176D081500529037 /* ActivationViewController.xib */,
				1F9CEB3D176D1F2C00529037 /* ContactManager.h */,
				1F9CEB3E176D1F2C00529037 /* ContactManager.m */,
				1FEAEDFF17701C9B0090A7C2 /* LoadingIndictor.h */,
				1FEAEE0017701C9B0090A7C2 /* LoadingIndictor.m */,
				1FEAEE0217702AD00090A7C2 /* AnalyticsManager.h */,
				1FEAEE0317702AD00090A7C2 /* AnalyticsManager.m */,
				1FE443EB177ABCAE00469634 /* SettingsViewController.h */,
				1FE443EC177ABCAE00469634 /* SettingsViewController.m */,
				1F7E19F7177BF313005E9BA1 /* WebViewController.h */,
				1F7E19F8177BF313005E9BA1 /* WebViewController.m */,
				1F3EF24617979FD9005240E3 /* PushNotificationManager.h */,
				1F3EF24717979FD9005240E3 /* PushNotificationManager.m */,
				1F8E3AFB179F8849001B8BE0 /* CrashManager.h */,
				1F8E3AFC179F8849001B8BE0 /* CrashManager.m */,
				966AC11B17CADBFA0093BB69 /* BeaconManager.h */,
				966AC11C17CADBFA0093BB69 /* BeaconManager.m */,
				96F14C2017D84AD40093C976 /* Chat */,
				96FA824517E2C2B30095AF22 /* BeaconDetailViewController.h */,
				96FA824617E2C2B30095AF22 /* BeaconDetailViewController.m */,
				96A9871517E2C7D3007D77B8 /* BeaconProfileViewController.h */,
				96A9871617E2C7D3007D77B8 /* BeaconProfileViewController.m */,
				96A9871C17E51753007D77B8 /* InviteListViewController.h */,
				96A9871D17E51753007D77B8 /* InviteListViewController.m */,
				96A9871F17E517FB007D77B8 /* BeaconStatus.h */,
				96A9872017E517FB007D77B8 /* BeaconStatus.m */,
				96A9872E17E68C44007D77B8 /* PhotoManager.h */,
				96A9872F17E68C44007D77B8 /* PhotoManager.m */,
				969D649717EF85F200F5AB36 /* ImageViewController.h */,
				969D649817EF85F200F5AB36 /* ImageViewController.m */,
				96859CE917EF9C8800C1C467 /* SoundPlayer.h */,
				96859CEA17EF9C8800C1C467 /* SoundPlayer.m */,
				96859CF217EFC3C600C1C467 /* FormView.h */,
				96859CF317EFC3C600C1C467 /* FormView.m */,
				96859CF517EFC89800C1C467 /* RegisterViewController.h */,
				96859CF617EFC89800C1C467 /* RegisterViewController.m */,
				968CDA8A17F78ED600D64441 /* SetBeaconViewController.h */,
				968CDA8B17F78ED600D64441 /* SetBeaconViewController.m */,
			);
			path = Beacons;
			sourceTree = "<group>";
		};
		963399421758512100AF9D89 /* Supporting Files */ = {
			isa = PBXGroup;
			children = (
				963399431758512100AF9D89 /* Beacons-Info.plist */,
				963399441758512100AF9D89 /* InfoPlist.strings */,
				963399471758512100AF9D89 /* main.m */,
				963399491758512100AF9D89 /* Beacons-Prefix.pch */,
				9633994D1758512100AF9D89 /* Default.png */,
				1F49B835177BFB2200117857 /* Icon.png */,
				969C44DC17E1436B0083E6A4 /* Icon@2x.png */,
				96859CEE17EFA7BD00C1C467 /* Default@2x.png */,
				96859CEF17EFA7BD00C1C467 /* Default-568h@2x.png */,
			);
			name = "Supporting Files";
			sourceTree = "<group>";
		};
		963399681758512100AF9D89 /* BeaconsTests */ = {
			isa = PBXGroup;
			children = (
				9633996E1758512100AF9D89 /* BeaconsTests.h */,
				9633996F1758512100AF9D89 /* BeaconsTests.m */,
				963399691758512100AF9D89 /* Supporting Files */,
			);
			path = BeaconsTests;
			sourceTree = "<group>";
		};
		963399691758512100AF9D89 /* Supporting Files */ = {
			isa = PBXGroup;
			children = (
				9633996A1758512100AF9D89 /* BeaconsTests-Info.plist */,
				9633996B1758512100AF9D89 /* InfoPlist.strings */,
			);
			name = "Supporting Files";
			sourceTree = "<group>";
		};
		96859D0617F402F200C1C467 /* Other */ = {
			isa = PBXGroup;
			children = (
				96859D0C17F4048300C1C467 /* JAGrandCentralDispatch.h */,
				96859D0D17F4048300C1C467 /* JAGrandCentralDispatch.m */,
			);
			name = Other;
			sourceTree = "<group>";
		};
		96C87C7A175A9A2C006EA3A3 /* Resources */ = {
			isa = PBXGroup;
			children = (
				96859D0117EFD77B00C1C467 /* orangeBackground@2x.png */,
				969D649217E96ABE00F5AB36 /* beaconCellImageMask@2x.png */,
				969D649017E96A3600F5AB36 /* beaconCellBackgroundBlue@2x.png */,
				969D648C17E9681500F5AB36 /* beaconCellBackgroundPink@2x.png */,
				969D648217E95F9300F5AB36 /* beaconCellBackgroundYellow@2x.png */,
				969D648317E95F9300F5AB36 /* beaconCellBackgroundGreen@2x.png */,
				969D648417E95F9300F5AB36 /* beaconCellBackgroundOrange@2x.png */,
				969D648517E95F9300F5AB36 /* beaconCellBackgroundPurple@2x.png */,
				96A9872C17E6633A007D77B8 /* cameraLarge@2x.png */,
				96D1D0D617E818A90033396F /* cameraSmall@2x.png */,
				96A9871A17E50C9D007D77B8 /* backgroundGradient@2x.png */,
				1F465C1C1763CF0900F35A8B /* addFriendButton@2x.png */,
				1F465C2C1765183C00F35A8B /* addFriendNormal@2x.png */,
				1F465C2D1765183C00F35A8B /* addFriendSelected@2x.png */,
				1F1E7808176E91F400F0E853 /* attendingButton@2x.png */,
				1F36E85517A6170F00D12CB8 /* backArrow@2x.png */,
				1FE6771C175C16E9006F563C /* beaconAnnotation@2x.png */,
				96AE3B061788EEDD00FDDBFE /* beaconAnnotationActive@2x.png */,
				1FE649F217659E2F0073D321 /* beaconLogoLarge@2x.png */,
				1F7743D917716C1000188500 /* blueButton@2x.png */,
				96A9871817E4FB40007D77B8 /* beaconImageTest@2x.png */,
				9647102F17DEED5F00878C19 /* bubbleLeft@2x.png */,
				9647103117DEFBC200878C19 /* bubbleRight@2x.png */,
				1FE67731175C3C88006F563C /* Fonts */,
				1F465C141763BD6900F35A8B /* getDirectionButton@2x.png */,
				1F465C151763BD6900F35A8B /* groupMessageButton@2x.png */,
				1FE6772F175C3496006F563C /* hairlineSeparator@2x.png */,
				9647102B17DEE81900878C19 /* hotspotLogoNav@2x.png */,
				1F49B839177BFD8000117857 /* Icon-72.png */,
				1F49B837177BFD7C00117857 /* Icon-72@2x.png */,
				1F9CEB40176D7AF300529037 /* infoButton@2x.png */,
				1F1E780A176E91F800F0E853 /* invitedButton@2x.png */,
				96C87C7B175A9A44006EA3A3 /* loginBackground-568h@2x.png */,
				96C87C7C175A9A44006EA3A3 /* loginBackground@2x.png */,
				1F49B83B1782A1FC00117857 /* menuAdd@2x.png */,
				1F465C241764252200F35A8B /* menuAddFriend@2x.png */,
				96C87C81175AA423006EA3A3 /* menuBackground@2x.png */,
				1FE67736175C3F0D006F563C /* menuBeacons@2x.png */,
				96C87C90175ABC94006EA3A3 /* menuButton@2x.png */,
				1FE67729175C2CE2006F563C /* menuLogout@2x.png */,
				1FE67727175C25DC006F563C /* menuSettings@2x.png */,
				1F465C131763BD6800F35A8B /* messageButton@2x.png */,
				96C5F20A17DEE39000B48EE2 /* navBar@2x.png */,
				96C87C7F175A9C12006EA3A3 /* orangeButton@2x.png */,
				1F36E85317A60F1000D12CB8 /* orangeNav@2x.png */,
				9647102D17DEEB5700878C19 /* plus@2x.png */,
				9691D26017FA93A50095BA80 /* chatButtonNormal@2x.png */,
				9691D26117FA93A50095BA80 /* chatButtonSelected@2x.png */,
				9691D26417FA94AB0095BA80 /* invitedButtonNormal@2x.png */,
				9691D26517FA94AB0095BA80 /* invitedButtonSelected@2x.png */,
			);
			path = Resources;
			sourceTree = "<group>";
		};
		96C87C85175AB966006EA3A3 /* Theme */ = {
			isa = PBXGroup;
			children = (
				96C87C86175AB97F006EA3A3 /* DefaultTheme.h */,
				96C87C87175AB97F006EA3A3 /* DefaultTheme.m */,
				96C87C88175AB97F006EA3A3 /* Theme.h */,
				96C87C89175AB97F006EA3A3 /* Theme.m */,
			);
			path = Theme;
			sourceTree = "<group>";
		};
		96F14C2017D84AD40093C976 /* Chat */ = {
			isa = PBXGroup;
			children = (
				96F14C1D17D84A890093C976 /* ChatTest.h */,
				96F14C1E17D84A890093C976 /* ChatTest.m */,
				96F14C1A17D8499B0093C976 /* ChatViewController.h */,
				96F14C1B17D8499B0093C976 /* ChatViewController.m */,
				96F14C2117D84AF40093C976 /* ChatMessage.h */,
				96F14C2217D84AF40093C976 /* ChatMessage.m */,
				96F14C2417D84F0D0093C976 /* ChatTableViewCell.h */,
				96F14C2517D84F0D0093C976 /* ChatTableViewCell.m */,
				96ACEC0217E038A9004B30B1 /* BeaconChatViewController.h */,
				96ACEC0317E038A9004B30B1 /* BeaconChatViewController.m */,
			);
			name = Chat;
			sourceTree = "<group>";
		};
/* End PBXGroup section */

/* Begin PBXNativeTarget section */
		963399371758512100AF9D89 /* Beacons */ = {
			isa = PBXNativeTarget;
			buildConfigurationList = 963399731758512100AF9D89 /* Build configuration list for PBXNativeTarget "Beacons" */;
			buildPhases = (
				EB6EA8C100714CE79F5A31EF /* Check Pods Manifest.lock */,
				963399341758512100AF9D89 /* Sources */,
				963399351758512100AF9D89 /* Frameworks */,
				963399361758512100AF9D89 /* Resources */,
				1DED3053DF5C4AE6AF98CCA8 /* Copy Pods Resources */,
			);
			buildRules = (
			);
			dependencies = (
			);
			name = Beacons;
			productName = Beacons;
			productReference = 963399381758512100AF9D89 /* Beacons.app */;
			productType = "com.apple.product-type.application";
		};
		963399601758512100AF9D89 /* BeaconsTests */ = {
			isa = PBXNativeTarget;
			buildConfigurationList = 963399761758512100AF9D89 /* Build configuration list for PBXNativeTarget "BeaconsTests" */;
			buildPhases = (
				9633995C1758512100AF9D89 /* Sources */,
				9633995D1758512100AF9D89 /* Frameworks */,
				9633995E1758512100AF9D89 /* Resources */,
				9633995F1758512100AF9D89 /* ShellScript */,
			);
			buildRules = (
			);
			dependencies = (
				963399671758512100AF9D89 /* PBXTargetDependency */,
			);
			name = BeaconsTests;
			productName = BeaconsTests;
			productReference = 963399611758512100AF9D89 /* BeaconsTests.octest */;
			productType = "com.apple.product-type.bundle";
		};
/* End PBXNativeTarget section */

/* Begin PBXProject section */
		963399301758512100AF9D89 /* Project object */ = {
			isa = PBXProject;
			attributes = {
				LastUpgradeCheck = 0460;
				ORGANIZATIONNAME = "Jeff Ames";
				TargetAttributes = {
					963399371758512100AF9D89 = {
						DevelopmentTeam = E5Y3J9RGBG;
					};
				};
			};
			buildConfigurationList = 963399331758512100AF9D89 /* Build configuration list for PBXProject "Beacons" */;
			compatibilityVersion = "Xcode 3.2";
			developmentRegion = English;
			hasScannedForEncodings = 0;
			knownRegions = (
				en,
			);
			mainGroup = 9633992F1758512100AF9D89;
			productRefGroup = 963399391758512100AF9D89 /* Products */;
			projectDirPath = "";
			projectRoot = "";
			targets = (
				963399371758512100AF9D89 /* Beacons */,
				963399601758512100AF9D89 /* BeaconsTests */,
			);
		};
/* End PBXProject section */

/* Begin PBXResourcesBuildPhase section */
		963399361758512100AF9D89 /* Resources */ = {
			isa = PBXResourcesBuildPhase;
			buildActionMask = 2147483647;
			files = (
				963399461758512100AF9D89 /* InfoPlist.strings in Resources */,
				9633994E1758512100AF9D89 /* Default.png in Resources */,
				969D648817E95F9300F5AB36 /* beaconCellBackgroundYellow@2x.png in Resources */,
				96A9871B17E50C9D007D77B8 /* backgroundGradient@2x.png in Resources */,
				96C5F20B17DEE39000B48EE2 /* navBar@2x.png in Resources */,
				969D648B17E95F9300F5AB36 /* beaconCellBackgroundPurple@2x.png in Resources */,
				96956448175852990081B349 /* LoginViewController.xib in Resources */,
				969564501758642B0081B349 /* MapViewController.xib in Resources */,
				96C87C7D175A9A44006EA3A3 /* loginBackground-568h@2x.png in Resources */,
				96C87C7E175A9A44006EA3A3 /* loginBackground@2x.png in Resources */,
				969C44DD17E1436B0083E6A4 /* Icon@2x.png in Resources */,
				96C87C80175A9C12006EA3A3 /* orangeButton@2x.png in Resources */,
				96C87C82175AA423006EA3A3 /* menuBackground@2x.png in Resources */,
				96C87C91175ABC94006EA3A3 /* menuButton@2x.png in Resources */,
				1FE6771D175C16E9006F563C /* beaconAnnotation@2x.png in Resources */,
				1FE67728175C25DC006F563C /* menuSettings@2x.png in Resources */,
				96D1D0D717E818A90033396F /* cameraSmall@2x.png in Resources */,
				9691D26717FA94AB0095BA80 /* invitedButtonSelected@2x.png in Resources */,
				1FE6772A175C2CE2006F563C /* menuLogout@2x.png in Resources */,
				1FE67730175C3496006F563C /* hairlineSeparator@2x.png in Resources */,
				1FE67733175C3C9F006F563C /* Lato-Bold.ttf in Resources */,
				1FE67735175C3CB5006F563C /* Lato-Regular.ttf in Resources */,
				1FE67737175C3F0D006F563C /* menuBeacons@2x.png in Resources */,
				1F3DD747175D9AC5007A7AD6 /* RegistrationViewController.xib in Resources */,
				1FA0AD72175EE7EC004F2168 /* SignInViewController.xib in Resources */,
				96A9872D17E6633A007D77B8 /* cameraLarge@2x.png in Resources */,
				1F465C0417617E3F00F35A8B /* CreateBeaconViewController.xib in Resources */,
				1F465C0B17618B9200F35A8B /* SelectLocationViewController.xib in Resources */,
				969D649117E96A3600F5AB36 /* beaconCellBackgroundBlue@2x.png in Resources */,
				1F465C161763BD6900F35A8B /* messageButton@2x.png in Resources */,
				969D649317E96ABE00F5AB36 /* beaconCellImageMask@2x.png in Resources */,
				1F465C171763BD6900F35A8B /* getDirectionButton@2x.png in Resources */,
				9691D26217FA93A50095BA80 /* chatButtonNormal@2x.png in Resources */,
				1F465C181763BD6900F35A8B /* groupMessageButton@2x.png in Resources */,
				1F465C1D1763CF0900F35A8B /* addFriendButton@2x.png in Resources */,
				1F465C251764252200F35A8B /* menuAddFriend@2x.png in Resources */,
				1F465C2E1765183C00F35A8B /* addFriendNormal@2x.png in Resources */,
				1F465C2F1765183C00F35A8B /* addFriendSelected@2x.png in Resources */,
				96A9871917E4FB40007D77B8 /* beaconImageTest@2x.png in Resources */,
				1FE649F317659E2F0073D321 /* beaconLogoLarge@2x.png in Resources */,
				969D648A17E95F9300F5AB36 /* beaconCellBackgroundOrange@2x.png in Resources */,
				1F9CEB3C176D081500529037 /* ActivationViewController.xib in Resources */,
				9647102E17DEEB5700878C19 /* plus@2x.png in Resources */,
				96859CF017EFA7BD00C1C467 /* Default@2x.png in Resources */,
				969D648917E95F9300F5AB36 /* beaconCellBackgroundGreen@2x.png in Resources */,
				96859CF117EFA7BD00C1C467 /* Default-568h@2x.png in Resources */,
				96859D0217EFD77B00C1C467 /* orangeBackground@2x.png in Resources */,
				1F9CEB41176D7AF300529037 /* infoButton@2x.png in Resources */,
				1F1E7809176E91F400F0E853 /* attendingButton@2x.png in Resources */,
				9647103017DEED5F00878C19 /* bubbleLeft@2x.png in Resources */,
				1F1E780B176E91F900F0E853 /* invitedButton@2x.png in Resources */,
				1F7743DA17716C1100188500 /* blueButton@2x.png in Resources */,
				1F49B836177BFB2200117857 /* Icon.png in Resources */,
				1F49B838177BFD7C00117857 /* Icon-72@2x.png in Resources */,
				969D648D17E9681500F5AB36 /* beaconCellBackgroundPink@2x.png in Resources */,
				9647103217DEFBC200878C19 /* bubbleRight@2x.png in Resources */,
				1F49B83A177BFD8000117857 /* Icon-72.png in Resources */,
				9647102C17DEE81900878C19 /* hotspotLogoNav@2x.png in Resources */,
				9691D26317FA93A50095BA80 /* chatButtonSelected@2x.png in Resources */,
				1F49B83C1782A1FC00117857 /* menuAdd@2x.png in Resources */,
				96AE3B071788EEDD00FDDBFE /* beaconAnnotationActive@2x.png in Resources */,
				1F36E85417A60F1000D12CB8 /* orangeNav@2x.png in Resources */,
				9691D26617FA94AB0095BA80 /* invitedButtonNormal@2x.png in Resources */,
				1F36E85617A6170F00D12CB8 /* backArrow@2x.png in Resources */,
			);
			runOnlyForDeploymentPostprocessing = 0;
		};
		9633995E1758512100AF9D89 /* Resources */ = {
			isa = PBXResourcesBuildPhase;
			buildActionMask = 2147483647;
			files = (
				9633996D1758512100AF9D89 /* InfoPlist.strings in Resources */,
			);
			runOnlyForDeploymentPostprocessing = 0;
		};
/* End PBXResourcesBuildPhase section */

/* Begin PBXShellScriptBuildPhase section */
		1DED3053DF5C4AE6AF98CCA8 /* Copy Pods Resources */ = {
			isa = PBXShellScriptBuildPhase;
			buildActionMask = 12;
			files = (
			);
			inputPaths = (
			);
			name = "Copy Pods Resources";
			outputPaths = (
			);
			runOnlyForDeploymentPostprocessing = 0;
			shellPath = /bin/sh;
			shellScript = "\"${SRCROOT}/Pods/Pods-resources.sh\"";
		};
		9633995F1758512100AF9D89 /* ShellScript */ = {
			isa = PBXShellScriptBuildPhase;
			buildActionMask = 2147483647;
			files = (
			);
			inputPaths = (
			);
			outputPaths = (
			);
			runOnlyForDeploymentPostprocessing = 0;
			shellPath = /bin/sh;
			shellScript = "# Run the unit tests in this test bundle.\n\"${SYSTEM_DEVELOPER_DIR}/Tools/RunUnitTests\"\n";
		};
		EB6EA8C100714CE79F5A31EF /* Check Pods Manifest.lock */ = {
			isa = PBXShellScriptBuildPhase;
			buildActionMask = 2147483647;
			files = (
			);
			inputPaths = (
			);
			name = "Check Pods Manifest.lock";
			outputPaths = (
			);
			runOnlyForDeploymentPostprocessing = 0;
			shellPath = /bin/sh;
			shellScript = "diff \"${PODS_ROOT}/../Podfile.lock\" \"${PODS_ROOT}/Manifest.lock\" > /dev/null\nif [[ $? != 0 ]] ; then\n    cat << EOM\nerror: The sandbox is not in sync with the Podfile.lock. Run 'pod install' or update your CocoaPods installation.\nEOM\n    exit 1\nfi\n";
		};
/* End PBXShellScriptBuildPhase section */

/* Begin PBXSourcesBuildPhase section */
		963399341758512100AF9D89 /* Sources */ = {
			isa = PBXSourcesBuildPhase;
			buildActionMask = 2147483647;
			files = (
				963399481758512100AF9D89 /* main.m in Sources */,
				96859CFA17EFD2E600C1C467 /* UIView+Alignment.m in Sources */,
				96FA824717E2C2B30095AF22 /* BeaconDetailViewController.m in Sources */,
				96859D0517F3F00B00C1C467 /* KenBurnsView.m in Sources */,
				9633994C1758512100AF9D89 /* AppDelegate.m in Sources */,
				96956447175852990081B349 /* LoginViewController.m in Sources */,
				9695644B175862790081B349 /* CenterNavigationController.m in Sources */,
				96859D0E17F4048300C1C467 /* JAGrandCentralDispatch.m in Sources */,
				96ACEC0417E038A9004B30B1 /* BeaconChatViewController.m in Sources */,
				96859D0017EFD5D600C1C467 /* InsetTextField.m in Sources */,
				9695644F1758642B0081B349 /* MapViewController.m in Sources */,
				969564551758691B0081B349 /* MenuViewController.m in Sources */,
				1FD6582C175878610007455B /* APIClient.m in Sources */,
				96A9872117E517FB007D77B8 /* BeaconStatus.m in Sources */,
				96C87C8A175AB97F006EA3A3 /* DefaultTheme.m in Sources */,
				96F14C1F17D84A890093C976 /* ChatTest.m in Sources */,
				96C87C8B175AB97F006EA3A3 /* Theme.m in Sources */,
				966070E2175AC989007379A0 /* LineLayout.m in Sources */,
				9615F4E3175BEBC6005CF62D /* Beacon.m in Sources */,
				9615F4E7175BEBE6005CF62D /* User.m in Sources */,
				1FE67716175C0EA0006F563C /* BeaconAnnotation.m in Sources */,
				1F526389175C492800DD26E1 /* BeaconAnnotationView.m in Sources */,
				1F52638A175C492800DD26E1 /* BeaconCell.m in Sources */,
				1F52638D175C496900DD26E1 /* LocationTracker.m in Sources */,
				96A9871E17E51753007D77B8 /* InviteListViewController.m in Sources */,
				1F3DD746175D9AC5007A7AD6 /* RegistrationViewController.m in Sources */,
				1FA0AD71175EE7EC004F2168 /* SignInViewController.m in Sources */,
				1FEEFF12175EFF070091AD01 /* Utilities.m in Sources */,
				1F465C0317617E3F00F35A8B /* CreateBeaconViewController.m in Sources */,
				1F465C0A17618B9200F35A8B /* SelectLocationViewController.m in Sources */,
				96F14C1C17D8499B0093C976 /* ChatViewController.m in Sources */,
				969D649917EF85F200F5AB36 /* ImageViewController.m in Sources */,
				1F465C1B1763C96E00F35A8B /* BeaconUserCell.m in Sources */,
				96859CF417EFC3C600C1C467 /* FormView.m in Sources */,
				1F465C201763E2EE00F35A8B /* FourSquareAPIClient.m in Sources */,
				96859CF717EFC89800C1C467 /* RegisterViewController.m in Sources */,
				96A9871717E2C7D3007D77B8 /* BeaconProfileViewController.m in Sources */,
				1F465C231763F97D00F35A8B /* Venue.m in Sources */,
				1F465C281764FB7600F35A8B /* FindFriendsViewController.m in Sources */,
				1F465C2B176510EB00F35A8B /* Contact.m in Sources */,
				968CDA8F17F79CEB00D64441 /* JADatePicker.m in Sources */,
				1FA2D50A1765398C00AB657F /* TextMessageManager.m in Sources */,
				1F9CEB3B176D081500529037 /* ActivationViewController.m in Sources */,
				1F9CEB3F176D1F2C00529037 /* ContactManager.m in Sources */,
				1FEAEE0117701C9B0090A7C2 /* LoadingIndictor.m in Sources */,
				1FEAEE0417702AD00090A7C2 /* AnalyticsManager.m in Sources */,
				96F14C2617D84F0D0093C976 /* ChatTableViewCell.m in Sources */,
				96A9873517E6A6C6007D77B8 /* BeaconImage.m in Sources */,
				1FB74EE917764F7C00F0F385 /* UIColor+UnnormalizedColor.m in Sources */,
				96859CEB17EF9C8800C1C467 /* SoundPlayer.m in Sources */,
				9691D25F17F8BD0D0095BA80 /* JAPlaceholderTextView.m in Sources */,
				1F5D4BB117767E9600A1A66E /* NSDate+FormattedDate.m in Sources */,
				1FE443ED177ABCAE00469634 /* SettingsViewController.m in Sources */,
				1F7E19F9177BF313005E9BA1 /* WebViewController.m in Sources */,
				1F3EF24817979FD9005240E3 /* PushNotificationManager.m in Sources */,
				96F14C2317D84AF40093C976 /* ChatMessage.m in Sources */,
				1F8E3AFD179F8849001B8BE0 /* CrashManager.m in Sources */,
				96A9873017E68C44007D77B8 /* PhotoManager.m in Sources */,
				968CDA8C17F78ED600D64441 /* SetBeaconViewController.m in Sources */,
				966AC11D17CADBFA0093BB69 /* BeaconManager.m in Sources */,
				969D649617E96E1B00F5AB36 /* UIImage+Resize.m in Sources */,
			);
			runOnlyForDeploymentPostprocessing = 0;
		};
		9633995C1758512100AF9D89 /* Sources */ = {
			isa = PBXSourcesBuildPhase;
			buildActionMask = 2147483647;
			files = (
				963399701758512100AF9D89 /* BeaconsTests.m in Sources */,
			);
			runOnlyForDeploymentPostprocessing = 0;
		};
/* End PBXSourcesBuildPhase section */

/* Begin PBXTargetDependency section */
		963399671758512100AF9D89 /* PBXTargetDependency */ = {
			isa = PBXTargetDependency;
			target = 963399371758512100AF9D89 /* Beacons */;
			targetProxy = 963399661758512100AF9D89 /* PBXContainerItemProxy */;
		};
/* End PBXTargetDependency section */

/* Begin PBXVariantGroup section */
		963399441758512100AF9D89 /* InfoPlist.strings */ = {
			isa = PBXVariantGroup;
			children = (
				963399451758512100AF9D89 /* en */,
			);
			name = InfoPlist.strings;
			sourceTree = "<group>";
		};
		9633996B1758512100AF9D89 /* InfoPlist.strings */ = {
			isa = PBXVariantGroup;
			children = (
				9633996C1758512100AF9D89 /* en */,
			);
			name = InfoPlist.strings;
			sourceTree = "<group>";
		};
/* End PBXVariantGroup section */

/* Begin XCBuildConfiguration section */
		1F95A997176E56D0003299AD /* Ad Hoc */ = {
			isa = XCBuildConfiguration;
			buildSettings = {
				ALWAYS_SEARCH_USER_PATHS = NO;
				CLANG_CXX_LANGUAGE_STANDARD = "gnu++0x";
				CLANG_CXX_LIBRARY = "libc++";
				CLANG_ENABLE_OBJC_ARC = YES;
				CLANG_WARN_CONSTANT_CONVERSION = YES;
				CLANG_WARN_EMPTY_BODY = YES;
				CLANG_WARN_ENUM_CONVERSION = YES;
				CLANG_WARN_INT_CONVERSION = YES;
				CLANG_WARN__DUPLICATE_METHOD_MATCH = YES;
				CODE_SIGN_IDENTITY = "iPhone Distribution";
				"CODE_SIGN_IDENTITY[sdk=iphoneos*]" = "iPhone Distribution";
				COPY_PHASE_STRIP = YES;
				GCC_C_LANGUAGE_STANDARD = gnu99;
				GCC_PREPROCESSOR_DEFINITIONS = "";
				GCC_WARN_ABOUT_RETURN_TYPE = YES;
				GCC_WARN_UNINITIALIZED_AUTOS = YES;
				GCC_WARN_UNUSED_VARIABLE = YES;
				IPHONEOS_DEPLOYMENT_TARGET = 6.1;
				OTHER_CFLAGS = "-DNS_BLOCK_ASSERTIONS=1";
				PROVISIONING_PROFILE = "";
				"PROVISIONING_PROFILE[sdk=iphoneos*]" = "";
				SDKROOT = iphoneos;
				TARGETED_DEVICE_FAMILY = "1,2";
				VALIDATE_PRODUCT = YES;
			};
			name = "Ad Hoc";
		};
		1F95A998176E56D0003299AD /* Ad Hoc */ = {
			isa = XCBuildConfiguration;
			baseConfigurationReference = 1D52DBDD22844917AFA0C8BB /* Pods.xcconfig */;
			buildSettings = {
				CODE_SIGN_IDENTITY = "iPhone Distribution";
				"CODE_SIGN_IDENTITY[sdk=iphoneos*]" = "iPhone Developer";
				CURRENT_PROJECT_VERSION = 13;
				GCC_PRECOMPILE_PREFIX_HEADER = YES;
				GCC_PREFIX_HEADER = "Beacons/Beacons-Prefix.pch";
				INFOPLIST_FILE = "Beacons/Beacons-Info.plist";
				IPHONEOS_DEPLOYMENT_TARGET = 7.0;
				PRODUCT_NAME = "$(TARGET_NAME)";
				TARGETED_DEVICE_FAMILY = 1;
				WRAPPER_EXTENSION = app;
			};
			name = "Ad Hoc";
		};
		1F95A999176E56D0003299AD /* Ad Hoc */ = {
			isa = XCBuildConfiguration;
			buildSettings = {
				BUNDLE_LOADER = "$(BUILT_PRODUCTS_DIR)/Beacons.app/Beacons";
				FRAMEWORK_SEARCH_PATHS = (
					"\"$(SDKROOT)/Developer/Library/Frameworks\"",
					"\"$(DEVELOPER_LIBRARY_DIR)/Frameworks\"",
				);
				GCC_PRECOMPILE_PREFIX_HEADER = YES;
				GCC_PREFIX_HEADER = "Beacons/Beacons-Prefix.pch";
				INFOPLIST_FILE = "BeaconsTests/BeaconsTests-Info.plist";
				PRODUCT_NAME = "$(TARGET_NAME)";
				TEST_HOST = "$(BUNDLE_LOADER)";
				WRAPPER_EXTENSION = octest;
			};
			name = "Ad Hoc";
		};
		963399711758512100AF9D89 /* Debug */ = {
			isa = XCBuildConfiguration;
			buildSettings = {
				ALWAYS_SEARCH_USER_PATHS = NO;
				CLANG_CXX_LANGUAGE_STANDARD = "gnu++0x";
				CLANG_CXX_LIBRARY = "libc++";
				CLANG_ENABLE_OBJC_ARC = YES;
				CLANG_WARN_CONSTANT_CONVERSION = YES;
				CLANG_WARN_EMPTY_BODY = YES;
				CLANG_WARN_ENUM_CONVERSION = YES;
				CLANG_WARN_INT_CONVERSION = YES;
				CLANG_WARN__DUPLICATE_METHOD_MATCH = YES;
				"CODE_SIGN_IDENTITY[sdk=iphoneos*]" = "iPhone Developer";
				COPY_PHASE_STRIP = NO;
				GCC_C_LANGUAGE_STANDARD = gnu99;
				GCC_DYNAMIC_NO_PIC = NO;
				GCC_OPTIMIZATION_LEVEL = 0;
				GCC_PREPROCESSOR_DEFINITIONS = (
					"DEBUG=1",
					"$(inherited)",
				);
				GCC_SYMBOLS_PRIVATE_EXTERN = NO;
				GCC_WARN_ABOUT_RETURN_TYPE = YES;
				GCC_WARN_UNINITIALIZED_AUTOS = YES;
				GCC_WARN_UNUSED_VARIABLE = YES;
				IPHONEOS_DEPLOYMENT_TARGET = 6.1;
				ONLY_ACTIVE_ARCH = YES;
				SDKROOT = iphoneos;
				TARGETED_DEVICE_FAMILY = "1,2";
			};
			name = Debug;
		};
		963399721758512100AF9D89 /* Release */ = {
			isa = XCBuildConfiguration;
			buildSettings = {
				ALWAYS_SEARCH_USER_PATHS = NO;
				CLANG_CXX_LANGUAGE_STANDARD = "gnu++0x";
				CLANG_CXX_LIBRARY = "libc++";
				CLANG_ENABLE_OBJC_ARC = YES;
				CLANG_WARN_CONSTANT_CONVERSION = YES;
				CLANG_WARN_EMPTY_BODY = YES;
				CLANG_WARN_ENUM_CONVERSION = YES;
				CLANG_WARN_INT_CONVERSION = YES;
				CLANG_WARN__DUPLICATE_METHOD_MATCH = YES;
				CODE_SIGN_IDENTITY = "iPhone Distribution";
				"CODE_SIGN_IDENTITY[sdk=iphoneos*]" = "iPhone Distribution";
				COPY_PHASE_STRIP = YES;
				GCC_C_LANGUAGE_STANDARD = gnu99;
				GCC_PREPROCESSOR_DEFINITIONS = "";
				GCC_WARN_ABOUT_RETURN_TYPE = YES;
				GCC_WARN_UNINITIALIZED_AUTOS = YES;
				GCC_WARN_UNUSED_VARIABLE = YES;
				IPHONEOS_DEPLOYMENT_TARGET = 6.1;
				OTHER_CFLAGS = "-DNS_BLOCK_ASSERTIONS=1";
				PROVISIONING_PROFILE = "";
				"PROVISIONING_PROFILE[sdk=iphoneos*]" = "";
				SDKROOT = iphoneos;
				TARGETED_DEVICE_FAMILY = "1,2";
				VALIDATE_PRODUCT = YES;
			};
			name = Release;
		};
		963399741758512100AF9D89 /* Debug */ = {
			isa = XCBuildConfiguration;
			baseConfigurationReference = 1D52DBDD22844917AFA0C8BB /* Pods.xcconfig */;
			buildSettings = {
				"CODE_SIGN_ENTITLEMENTS[sdk=*]" = "";
				CODE_SIGN_IDENTITY = "iPhone Developer";
				"CODE_SIGN_IDENTITY[sdk=iphoneos*]" = "iPhone Developer";
				CURRENT_PROJECT_VERSION = 13;
				GCC_PRECOMPILE_PREFIX_HEADER = YES;
				GCC_PREFIX_HEADER = "Beacons/Beacons-Prefix.pch";
				INFOPLIST_FILE = "Beacons/Beacons-Info.plist";
				IPHONEOS_DEPLOYMENT_TARGET = 7.0;
				PRODUCT_NAME = "$(TARGET_NAME)";
				PROVISIONING_PROFILE = "";
				TARGETED_DEVICE_FAMILY = 1;
				WRAPPER_EXTENSION = app;
			};
			name = Debug;
		};
		963399751758512100AF9D89 /* Release */ = {
			isa = XCBuildConfiguration;
			baseConfigurationReference = 1D52DBDD22844917AFA0C8BB /* Pods.xcconfig */;
			buildSettings = {
				CODE_SIGN_IDENTITY = "iPhone Distribution";
				"CODE_SIGN_IDENTITY[sdk=iphoneos*]" = "iPhone Developer";
				CURRENT_PROJECT_VERSION = 13;
				GCC_PRECOMPILE_PREFIX_HEADER = YES;
				GCC_PREFIX_HEADER = "Beacons/Beacons-Prefix.pch";
				INFOPLIST_FILE = "Beacons/Beacons-Info.plist";
				IPHONEOS_DEPLOYMENT_TARGET = 7.0;
				PRODUCT_NAME = "$(TARGET_NAME)";
				TARGETED_DEVICE_FAMILY = 1;
				WRAPPER_EXTENSION = app;
			};
			name = Release;
		};
		963399771758512100AF9D89 /* Debug */ = {
			isa = XCBuildConfiguration;
			buildSettings = {
				BUNDLE_LOADER = "$(BUILT_PRODUCTS_DIR)/Beacons.app/Beacons";
				FRAMEWORK_SEARCH_PATHS = (
					"\"$(SDKROOT)/Developer/Library/Frameworks\"",
					"\"$(DEVELOPER_LIBRARY_DIR)/Frameworks\"",
				);
				GCC_PRECOMPILE_PREFIX_HEADER = YES;
				GCC_PREFIX_HEADER = "Beacons/Beacons-Prefix.pch";
				INFOPLIST_FILE = "BeaconsTests/BeaconsTests-Info.plist";
				PRODUCT_NAME = "$(TARGET_NAME)";
				TEST_HOST = "$(BUNDLE_LOADER)";
				WRAPPER_EXTENSION = octest;
			};
			name = Debug;
		};
		963399781758512100AF9D89 /* Release */ = {
			isa = XCBuildConfiguration;
			buildSettings = {
				BUNDLE_LOADER = "$(BUILT_PRODUCTS_DIR)/Beacons.app/Beacons";
				FRAMEWORK_SEARCH_PATHS = (
					"\"$(SDKROOT)/Developer/Library/Frameworks\"",
					"\"$(DEVELOPER_LIBRARY_DIR)/Frameworks\"",
				);
				GCC_PRECOMPILE_PREFIX_HEADER = YES;
				GCC_PREFIX_HEADER = "Beacons/Beacons-Prefix.pch";
				INFOPLIST_FILE = "BeaconsTests/BeaconsTests-Info.plist";
				PRODUCT_NAME = "$(TARGET_NAME)";
				TEST_HOST = "$(BUNDLE_LOADER)";
				WRAPPER_EXTENSION = octest;
			};
			name = Release;
		};
/* End XCBuildConfiguration section */

/* Begin XCConfigurationList section */
		963399331758512100AF9D89 /* Build configuration list for PBXProject "Beacons" */ = {
			isa = XCConfigurationList;
			buildConfigurations = (
				963399711758512100AF9D89 /* Debug */,
				963399721758512100AF9D89 /* Release */,
				1F95A997176E56D0003299AD /* Ad Hoc */,
			);
			defaultConfigurationIsVisible = 0;
			defaultConfigurationName = Release;
		};
		963399731758512100AF9D89 /* Build configuration list for PBXNativeTarget "Beacons" */ = {
			isa = XCConfigurationList;
			buildConfigurations = (
				963399741758512100AF9D89 /* Debug */,
				963399751758512100AF9D89 /* Release */,
				1F95A998176E56D0003299AD /* Ad Hoc */,
			);
			defaultConfigurationIsVisible = 0;
			defaultConfigurationName = Release;
		};
		963399761758512100AF9D89 /* Build configuration list for PBXNativeTarget "BeaconsTests" */ = {
			isa = XCConfigurationList;
			buildConfigurations = (
				963399771758512100AF9D89 /* Debug */,
				963399781758512100AF9D89 /* Release */,
				1F95A999176E56D0003299AD /* Ad Hoc */,
			);
			defaultConfigurationIsVisible = 0;
			defaultConfigurationName = Release;
		};
/* End XCConfigurationList section */
	};
	rootObject = 963399301758512100AF9D89 /* Project object */;
}
